{
  "version": 4,
  "terraform_version": "1.5.7",
  "serial": 29,
  "lineage": "a50685ac-2688-30fb-3636-ad3e7c4fcd92",
  "outputs": {
    "autonomous_database_admin_password": {
      "value": [
        "8oD2oHRzXSMH"
      ],
      "type": [
        "tuple",
        [
          "string"
        ]
      ],
      "sensitive": true
    },
    "lab_oke_cluster_id": {
      "value": "ocid1.cluster.oc1.mx-queretaro-1.aaaaaaaacc5me6uxn54aor5nulwtztwti4m6by7tt3aqqcctec56oveahybq",
      "type": "string"
    },
    "ns_objectstorage_namespace": {
      "value": [
        "axx2gmncrzyo"
      ],
      "type": [
        "tuple",
        [
          "string"
        ]
      ]
    }
  },
  "resources": [
    {
      "mode": "data",
      "type": "oci_containerengine_cluster_option",
      "name": "mtdrworkshop_cluster_option",
      "provider": "provider[\"registry.terraform.io/hashicorp/oci\"]",
      "instances": [
        {
          "schema_version": 0,
          "attributes": {
            "cluster_option_id": "all",
            "compartment_id": null,
            "id": "ContainerengineClusterOptionDataSource-1870923232",
            "kubernetes_versions": [
              "v1.31.1",
              "v1.31.10",
              "v1.32.1",
              "v1.32.10",
              "v1.33.0",
              "v1.33.1",
              "v1.34.0",
              "v1.34.1",
              "v1.34.2",
              "v1.35.0"
            ]
          },
          "sensitive_attributes": []
        }
      ]
    },
    {
      "mode": "data",
      "type": "oci_containerengine_node_pool_option",
      "name": "mtdrworkshop_node_pool_option",
      "provider": "provider[\"registry.terraform.io/hashicorp/oci\"]",
      "instances": [
        {
          "schema_version": 0,
          "attributes": {
            "compartment_id": null,
            "id": "ContainerengineNodePoolOptionDataSource-1870923232",
            "images": [],
            "kubernetes_versions": [
              "v1.31.1",
              "v1.31.10",
              "v1.32.1",
              "v1.32.10",
              "v1.33.0",
              "v1.33.1",
              "v1.34.0",
              "v1.34.1",
              "v1.34.2",
              "v1.35.0"
            ],
            "node_pool_option_id": "all",
            "shapes": [
              "BM.Standard.A1.160",
              "BM.Standard.E3.128",
              "BM.Standard.E4.128",
              "BM.Standard.E5.192",
              "BM.Standard2.52",
              "BM.Standard3.64",
              "VM.Standard.A1.Flex",
              "VM.Standard.E3.Flex",
              "VM.Standard.E4.Flex",
              "VM.Standard.E5.Flex",
              "VM.Standard2.1",
              "VM.Standard2.16",
              "VM.Standard2.2",
              "VM.Standard2.24",
              "VM.Standard2.4",
              "VM.Standard2.8",
              "VM.Standard3.Flex"
            ],
            "sources": [
              {
                "image_id": "ocid1.image.oc1.mx-queretaro-1.aaaaaaaa5nmhhgjle4s4nac7cn77defjouo3xc2amtpgj73iv4mnkj2fxqbq",
                "source_name": "Oracle-Linux-8.10-aarch64-2026.02.28-0-OKE-1.34.2-1392",
                "source_type": "IMAGE"
              },
              {
                "image_id": "ocid1.image.oc1.mx-queretaro-1.aaaaaaaa76x7tiz4osgqmkqonqqjjzeeb43qanlczblqakqutijklhzxx34q",
                "source_name": "Oracle-Linux-8.10-aarch64-2026.02.28-0-OKE-1.33.1-1392",
                "source_type": "IMAGE"
              },
              {
                "image_id": "ocid1.image.oc1.mx-queretaro-1.aaaaaaaace2773eiimdpcbqnr65szyilw6icptpyvgvwvuagncgl2xleqjyq",
                "source_name": "Oracle-Linux-8.10-aarch64-2026.02.28-0-OKE-1.32.10-1392",
                "source_type": "IMAGE"
              },
              {
                "image_id": "ocid1.image.oc1.mx-queretaro-1.aaaaaaaa45sxbmmdqqcd5ldprujmj32t5g3lnqj3wc7o5jrqbritoidx4nrq",
                "source_name": "Oracle-Linux-8.10-aarch64-2026.01.29-0-OKE-1.35.0-1367",
                "source_type": "IMAGE"
              },
              {
                "image_id": "ocid1.image.oc1.mx-queretaro-1.aaaaaaaall4n67b3te63nfruyc7ovesz3rx2urxorbze2lz65upyj75f5pnq",
                "source_name": "Oracle-Linux-8.10-aarch64-2026.01.29-0-OKE-1.34.2-1367",
                "source_type": "IMAGE"
              },
              {
                "image_id": "ocid1.image.oc1.mx-queretaro-1.aaaaaaaankd33ole6tnczefv7samrwshacupreyjpd7n3utepnigws5jaz5q",
                "source_name": "Oracle-Linux-8.10-aarch64-2026.01.29-0-OKE-1.33.1-1367",
                "source_type": "IMAGE"
              },
              {
                "image_id": "ocid1.image.oc1.mx-queretaro-1.aaaaaaaa5l34wqqbytg3esq6aqe7xprdwk7c6bmgmcbfzk5k7h2crfnykfea",
                "source_name": "Oracle-Linux-8.10-aarch64-2026.01.29-0-OKE-1.32.10-1367",
                "source_type": "IMAGE"
              },
              {
                "image_id": "ocid1.image.oc1.mx-queretaro-1.aaaaaaaa575ywtkc5nlg3psvpzlxapobhqu64qatn6q4tnoyinrnocldf7ta",
                "source_name": "Oracle-Linux-8.10-aarch64-2025.11.20-0-OKE-1.34.2-1345",
                "source_type": "IMAGE"
              },
              {
                "image_id": "ocid1.image.oc1.mx-queretaro-1.aaaaaaaaj4hv5p6hgqk332pam6ybweelknwjj5xhrx463qcmbqh4h6pz6jpq",
                "source_name": "Oracle-Linux-8.10-aarch64-2025.11.20-0-OKE-1.33.1-1345",
                "source_type": "IMAGE"
              },
              {
                "image_id": "ocid1.image.oc1.mx-queretaro-1.aaaaaaaak3vouquetf7lvccointre4ozc4hmncafwto2u4vlkrhd4aawbhuq",
                "source_name": "Oracle-Linux-8.10-aarch64-2025.11.20-0-OKE-1.32.10-1345",
                "source_type": "IMAGE"
              },
              {
                "image_id": "ocid1.image.oc1.mx-queretaro-1.aaaaaaaaomwoelhllkj4vulnoxk7bpkgajnbylq7vkzjo6jwvyeyg4dbknua",
                "source_name": "Oracle-Linux-8.10-aarch64-2025.09.16-0-OKE-1.34.1-1330",
                "source_type": "IMAGE"
              },
              {
                "image_id": "ocid1.image.oc1.mx-queretaro-1.aaaaaaaaemzmoihwxzug4cpxztqbnilfdahcfvdeesxfker3pc77scpdqj2a",
                "source_name": "Oracle-Linux-8.10-aarch64-2025.09.16-0-OKE-1.32.1-1330",
                "source_type": "IMAGE"
              },
              {
                "image_id": "ocid1.image.oc1.mx-queretaro-1.aaaaaaaa5agr2essxbnrlqk7djfpjixfjsjqawwv6ozcjr66zkfvi3atk7ea",
                "source_name": "Oracle-Linux-8.10-aarch64-2025.09.16-0-OKE-1.31.10-1330",
                "source_type": "IMAGE"
              },
              {
                "image_id": "ocid1.image.oc1.mx-queretaro-1.aaaaaaaa7ampcsww5fv25sizuebp2mg6ytbnmu6by5uloao66pvamycinrna",
                "source_name": "Oracle-Linux-8.10-aarch64-2025.08.31-0-OKE-1.34.1-1191",
                "source_type": "IMAGE"
              },
              {
                "image_id": "ocid1.image.oc1.mx-queretaro-1.aaaaaaaahsqnnmngsrw7k2bd3ekyxnncf4ktk7mcwtzw7vnd6dwqwwzthraq",
                "source_name": "Oracle-Linux-8.10-aarch64-2025.08.31-0-OKE-1.32.1-1191",
                "source_type": "IMAGE"
              },
              {
                "image_id": "ocid1.image.oc1.mx-queretaro-1.aaaaaaaay4m43bu4aimgnycsgm6xtz4vjdsdj74jogcgd6tzywjerthpiwsq",
                "source_name": "Oracle-Linux-8.10-aarch64-2025.08.31-0-OKE-1.31.10-1191",
                "source_type": "IMAGE"
              },
              {
                "image_id": "ocid1.image.oc1.mx-queretaro-1.aaaaaaaarklqlonv7vuaojf73w6yqmzsruztxmxel23aklyrmddwebexcyeq",
                "source_name": "Oracle-Linux-8.10-aarch64-2025.07.21-0-OKE-1.32.1-967",
                "source_type": "IMAGE"
              },
              {
                "image_id": "ocid1.image.oc1.mx-queretaro-1.aaaaaaaauogfhgcyepr2shxpvbgr5x2rryh27s7agbpqibbt5suapv7qcina",
                "source_name": "Oracle-Linux-8.10-aarch64-2025.07.21-0-OKE-1.31.10-967",
                "source_type": "IMAGE"
              },
              {
                "image_id": "ocid1.image.oc1.mx-queretaro-1.aaaaaaaadtkd5256dpw4saoi6x47ycvw5nq5fuuicuwtmu5kh5wze7qf5eba",
                "source_name": "Oracle-Linux-8.10-aarch64-2025.05.19-0-OKE-1.31.1-804",
                "source_type": "IMAGE"
              },
              {
                "image_id": "ocid1.image.oc1.mx-queretaro-1.aaaaaaaarrgjcvi24gxpqcnf7hobbc44ms5tbph2wlrzsibeexcpvzgqyd3a",
                "source_name": "Oracle-Linux-8.10-aarch64-2025.05.19-0-OKE-1.31.1-764",
                "source_type": "IMAGE"
              },
              {
                "image_id": "ocid1.image.oc1.mx-queretaro-1.aaaaaaaaqtp4pog7usjioezykoudi7dkuh3sxlrktu64r2jgle2s26xtfoqa",
                "source_name": "Oracle-Linux-8.10-aarch64-2025.02.28-0-OKE-1.31.1-760",
                "source_type": "IMAGE"
              },
              {
                "image_id": "ocid1.image.oc1.mx-queretaro-1.aaaaaaaawqwhkcy67hzgahh7j4rmdcoaqhzcjsmskp4vumefb2gidko6feca",
                "source_name": "Oracle-Linux-8.10-Gen2-GPU-2026.02.28-0-OKE-1.34.2-1392",
                "source_type": "IMAGE"
              },
              {
                "image_id": "ocid1.image.oc1.mx-queretaro-1.aaaaaaaaxrgjavzen3adg7vpoc4rbxcovixufuuadl7ixpn2ac7y3hijht7a",
                "source_name": "Oracle-Linux-8.10-Gen2-GPU-2026.02.28-0-OKE-1.33.1-1392",
                "source_type": "IMAGE"
              },
              {
                "image_id": "ocid1.image.oc1.mx-queretaro-1.aaaaaaaagbssl6gaeamlu6ke7wwdy4qnlz3x7wvltqw4bjqfd63olelkgvuq",
                "source_name": "Oracle-Linux-8.10-Gen2-GPU-2026.02.28-0-OKE-1.32.10-1392",
                "source_type": "IMAGE"
              },
              {
                "image_id": "ocid1.image.oc1.mx-queretaro-1.aaaaaaaa4v3cru66tuyg64staathnqfelfecn4lgzw32jlnkeal7ct3jsseq",
                "source_name": "Oracle-Linux-8.10-Gen2-GPU-2026.01.29-0-OKE-1.35.0-1367",
                "source_type": "IMAGE"
              },
              {
                "image_id": "ocid1.image.oc1.mx-queretaro-1.aaaaaaaaxl6zw3vncpusbflasz5qarw6cfk3siigep3n2b5w6hwobn4pvsua",
                "source_name": "Oracle-Linux-8.10-Gen2-GPU-2026.01.29-0-OKE-1.34.2-1367",
                "source_type": "IMAGE"
              },
              {
                "image_id": "ocid1.image.oc1.mx-queretaro-1.aaaaaaaa4gqcaep54rnwqm4fgmbpsorhg2wqvf3xufeglwfnjnxsxwyevr5a",
                "source_name": "Oracle-Linux-8.10-Gen2-GPU-2026.01.29-0-OKE-1.33.1-1367",
                "source_type": "IMAGE"
              },
              {
                "image_id": "ocid1.image.oc1.mx-queretaro-1.aaaaaaaansdsg7cn6udlfpc647wiekqrnudcdmst2qnteghtfvmvfes4by2q",
                "source_name": "Oracle-Linux-8.10-Gen2-GPU-2026.01.29-0-OKE-1.32.10-1367",
                "source_type": "IMAGE"
              },
              {
                "image_id": "ocid1.image.oc1.mx-queretaro-1.aaaaaaaavxphndajwfein7a5le7oupc56wbncnz7kdnuu5urbrr57b5owqpa",
                "source_name": "Oracle-Linux-8.10-Gen2-GPU-2025.11.20-0-OKE-1.34.2-1345",
                "source_type": "IMAGE"
              },
              {
                "image_id": "ocid1.image.oc1.mx-queretaro-1.aaaaaaaaqgxbwrnacohr4mywgshpl4reuql3t4tptal4jbysfihr337fdy3a",
                "source_name": "Oracle-Linux-8.10-Gen2-GPU-2025.11.20-0-OKE-1.33.1-1345",
                "source_type": "IMAGE"
              },
              {
                "image_id": "ocid1.image.oc1.mx-queretaro-1.aaaaaaaa42dmjs37chtwenujw5pa4ip4b2ng52fcakf6a3ld3w54io5lywaq",
                "source_name": "Oracle-Linux-8.10-Gen2-GPU-2025.11.20-0-OKE-1.32.10-1345",
                "source_type": "IMAGE"
              },
              {
                "image_id": "ocid1.image.oc1.mx-queretaro-1.aaaaaaaabvywqtwuzdm2frafi2h2jktapjhov3rmaw5ufrd4zbgnli4uegnq",
                "source_name": "Oracle-Linux-8.10-Gen2-GPU-2025.09.16-0-OKE-1.34.1-1330",
                "source_type": "IMAGE"
              },
              {
                "image_id": "ocid1.image.oc1.mx-queretaro-1.aaaaaaaahwgpnia5tzg2cjkjunznv3yuzaihz7wh53d5qfsrmolxfd4xrwuq",
                "source_name": "Oracle-Linux-8.10-Gen2-GPU-2025.09.16-0-OKE-1.32.1-1330",
                "source_type": "IMAGE"
              },
              {
                "image_id": "ocid1.image.oc1.mx-queretaro-1.aaaaaaaa77hhvktcikszmoh5nrngaxkzrfbudedkh43xxcttpxw23ys6p6gq",
                "source_name": "Oracle-Linux-8.10-Gen2-GPU-2025.09.16-0-OKE-1.31.10-1330",
                "source_type": "IMAGE"
              },
              {
                "image_id": "ocid1.image.oc1.mx-queretaro-1.aaaaaaaaeytzdr73ormxqm2kgk6oyt6tegjpa6gmptue5bl6u6cbol2pbhea",
                "source_name": "Oracle-Linux-8.10-Gen2-GPU-2025.08.31-0-OKE-1.34.1-1191",
                "source_type": "IMAGE"
              },
              {
                "image_id": "ocid1.image.oc1.mx-queretaro-1.aaaaaaaagxu3mrro4wltcw2qx6zmzbghuvogdjjmbrurkkqsb7pqi6mrbvsq",
                "source_name": "Oracle-Linux-8.10-Gen2-GPU-2025.08.31-0-OKE-1.32.1-1191",
                "source_type": "IMAGE"
              },
              {
                "image_id": "ocid1.image.oc1.mx-queretaro-1.aaaaaaaa6ifebgajmekoqdan2uqwko3wkiuyedbt446giv6646lo6vhxvxaa",
                "source_name": "Oracle-Linux-8.10-Gen2-GPU-2025.08.31-0-OKE-1.31.10-1191",
                "source_type": "IMAGE"
              },
              {
                "image_id": "ocid1.image.oc1.mx-queretaro-1.aaaaaaaaetpj2hqmco4pg355j7tzxrlnrercp2vc7o4c7kix4k7sewv5kgxq",
                "source_name": "Oracle-Linux-8.10-Gen2-GPU-2025.07.21-0-OKE-1.32.1-967",
                "source_type": "IMAGE"
              },
              {
                "image_id": "ocid1.image.oc1.mx-queretaro-1.aaaaaaaavtojpxoxjdlghigajgvllrnpmq54nn4upogc2v76qnlv42yqew2q",
                "source_name": "Oracle-Linux-8.10-Gen2-GPU-2025.07.21-0-OKE-1.31.10-967",
                "source_type": "IMAGE"
              },
              {
                "image_id": "ocid1.image.oc1.mx-queretaro-1.aaaaaaaauryjq3v3mclj3jpy62mmazle7c635je3ay5xe24xw5jiaf5z6vba",
                "source_name": "Oracle-Linux-8.10-Gen2-GPU-2025.05.19-0-OKE-1.31.1-804",
                "source_type": "IMAGE"
              },
              {
                "image_id": "ocid1.image.oc1.mx-queretaro-1.aaaaaaaagsu2cknlijlhatmuty5kcgvb72cajhu4zrkqxyblnn54vcp43k6q",
                "source_name": "Oracle-Linux-8.10-Gen2-GPU-2025.05.19-0-OKE-1.31.1-764",
                "source_type": "IMAGE"
              },
              {
                "image_id": "ocid1.image.oc1.mx-queretaro-1.aaaaaaaaswcklcooybokgukozoil4k64ov3lsz4tz7hhgtrvhfgaa6kxxhia",
                "source_name": "Oracle-Linux-8.10-Gen2-GPU-2025.02.28-0-OKE-1.31.1-760",
                "source_type": "IMAGE"
              },
              {
                "image_id": "ocid1.image.oc1.mx-queretaro-1.aaaaaaaaxlud5oqhs2xofvjavv67wvm44btjge2iuupebg6met7enilbch7q",
                "source_name": "Oracle-Linux-8.10-2026.02.28-0-OKE-1.34.2-1392",
                "source_type": "IMAGE"
              },
              {
                "image_id": "ocid1.image.oc1.mx-queretaro-1.aaaaaaaakct5uxrk7uggditz3qnaur4ubz2wqamnm76b4dr5jhu3dymg26ua",
                "source_name": "Oracle-Linux-8.10-2026.02.28-0-OKE-1.33.1-1392",
                "source_type": "IMAGE"
              },
              {
                "image_id": "ocid1.image.oc1.mx-queretaro-1.aaaaaaaa4lktwpjygi4bk37ttermf3mwrp22do4lzd36xnegr5uscb2ca5fa",
                "source_name": "Oracle-Linux-8.10-2026.02.28-0-OKE-1.32.10-1392",
                "source_type": "IMAGE"
              },
              {
                "image_id": "ocid1.image.oc1.mx-queretaro-1.aaaaaaaaupg5azygcqlrkydotu2hyqe367c3p3vda6pnnt37fddugehslhia",
                "source_name": "Oracle-Linux-8.10-2026.01.29-0-OKE-1.35.0-1367",
                "source_type": "IMAGE"
              },
              {
                "image_id": "ocid1.image.oc1.mx-queretaro-1.aaaaaaaaakvbp3fdptsrk34mohjmc3cl7njdlum4lf4uub3krmgejkg5saaq",
                "source_name": "Oracle-Linux-8.10-2026.01.29-0-OKE-1.34.2-1367",
                "source_type": "IMAGE"
              },
              {
                "image_id": "ocid1.image.oc1.mx-queretaro-1.aaaaaaaahjcvrzcrs642xmx6v3sjuptlgaq6u5p3x2vedt7jnpgavkdg3coq",
                "source_name": "Oracle-Linux-8.10-2026.01.29-0-OKE-1.33.1-1367",
                "source_type": "IMAGE"
              },
              {
                "image_id": "ocid1.image.oc1.mx-queretaro-1.aaaaaaaajtz7swxw4kfbjebqahtw3l3dnzua2fjbw3ldt7snvdyuoz3taozq",
                "source_name": "Oracle-Linux-8.10-2026.01.29-0-OKE-1.32.10-1367",
                "source_type": "IMAGE"
              },
              {
                "image_id": "ocid1.image.oc1.mx-queretaro-1.aaaaaaaappmzrrsmxe3wznojqo5es3wadkrrajzc7i57c57ebg6wvtajeqlq",
                "source_name": "Oracle-Linux-8.10-2025.11.20-0-OKE-1.34.2-1345",
                "source_type": "IMAGE"
              },
              {
                "image_id": "ocid1.image.oc1.mx-queretaro-1.aaaaaaaad7ylmehasdfpqkovdqr4nog2mzshm7geskwztekkvlcqxnz2agma",
                "source_name": "Oracle-Linux-8.10-2025.11.20-0-OKE-1.33.1-1345",
                "source_type": "IMAGE"
              },
              {
                "image_id": "ocid1.image.oc1.mx-queretaro-1.aaaaaaaavp7ptu3ejk3455gtdeajo5z5h5m2jb7vlwnxm5qk5v5wwmdfwa5a",
                "source_name": "Oracle-Linux-8.10-2025.11.20-0-OKE-1.32.10-1345",
                "source_type": "IMAGE"
              },
              {
                "image_id": "ocid1.image.oc1.mx-queretaro-1.aaaaaaaaeohpxwiazhneq7xpnzsyum6bczbnb35i5themlk2gclgexwcewna",
                "source_name": "Oracle-Linux-8.10-2025.09.16-0-OKE-1.34.1-1330",
                "source_type": "IMAGE"
              },
              {
                "image_id": "ocid1.image.oc1.mx-queretaro-1.aaaaaaaa3uuu4lcj5syiws4b5ji2hzfnyc7xkkhx3jvr3zaiayn3wyzxosdq",
                "source_name": "Oracle-Linux-8.10-2025.09.16-0-OKE-1.32.1-1330",
                "source_type": "IMAGE"
              },
              {
                "image_id": "ocid1.image.oc1.mx-queretaro-1.aaaaaaaa77n6maxrw6cnisewcrhgibojz2osh7s3wnocqxit7nlz3gxgrrbq",
                "source_name": "Oracle-Linux-8.10-2025.09.16-0-OKE-1.31.10-1330",
                "source_type": "IMAGE"
              },
              {
                "image_id": "ocid1.image.oc1.mx-queretaro-1.aaaaaaaay7x4hwqvt4anwnoivnp45zui2swoi2sfdp7rctgftnlpouvamweq",
                "source_name": "Oracle-Linux-8.10-2025.08.31-0-OKE-1.34.1-1191",
                "source_type": "IMAGE"
              },
              {
                "image_id": "ocid1.image.oc1.mx-queretaro-1.aaaaaaaaolh662u4tfcagm6z32de4jjaaklzhtii4a3qyxjurwghqgc4xzha",
                "source_name": "Oracle-Linux-8.10-2025.08.31-0-OKE-1.32.1-1191",
                "source_type": "IMAGE"
              },
              {
                "image_id": "ocid1.image.oc1.mx-queretaro-1.aaaaaaaauu35u3mvduw3womt5q5grbhhlabwuzudyuse5ttvadqelh6gnc5q",
                "source_name": "Oracle-Linux-8.10-2025.08.31-0-OKE-1.31.10-1191",
                "source_type": "IMAGE"
              },
              {
                "image_id": "ocid1.image.oc1.mx-queretaro-1.aaaaaaaaynai4gcmrpnba357jc4try6rw5wr34vup2ae6gqkrvjmztvycl6q",
                "source_name": "Oracle-Linux-8.10-2025.07.21-0-OKE-1.32.1-967",
                "source_type": "IMAGE"
              },
              {
                "image_id": "ocid1.image.oc1.mx-queretaro-1.aaaaaaaaaonks5fzrnrpohkcvpdiuyv56iyy6bukl2z7otlh35oznjx5weaa",
                "source_name": "Oracle-Linux-8.10-2025.07.21-0-OKE-1.31.10-967",
                "source_type": "IMAGE"
              },
              {
                "image_id": "ocid1.image.oc1.mx-queretaro-1.aaaaaaaaskvzdrehj2ldaa6k6rwonckk7zqnx3gku7qytfoljfxiejs7elwq",
                "source_name": "Oracle-Linux-8.10-2025.05.19-0-OKE-1.31.1-804",
                "source_type": "IMAGE"
              },
              {
                "image_id": "ocid1.image.oc1.mx-queretaro-1.aaaaaaaausdnqkxx22v2g5qzouhfwkrwjnrsym25sd26gjzkyfcij6tzwlua",
                "source_name": "Oracle-Linux-8.10-2025.05.19-0-OKE-1.31.1-764",
                "source_type": "IMAGE"
              },
              {
                "image_id": "ocid1.image.oc1.mx-queretaro-1.aaaaaaaawgh5bbwo53eltzcsglynw2yfrohn7nr7s2n34twqn64rkjx7axha",
                "source_name": "Oracle-Linux-8.10-2025.02.28-0-OKE-1.31.1-760",
                "source_type": "IMAGE"
              },
              {
                "image_id": "ocid1.image.oc1.mx-queretaro-1.aaaaaaaalsuz7zlvpl7gbmuetpy7g3gjbkok2b7mqxzbd52m7tyjlvw33nla",
                "source_name": "Oracle-Linux-7.9-aarch64-2024.11.30-0-OKE-1.34.1-1330",
                "source_type": "IMAGE"
              },
              {
                "image_id": "ocid1.image.oc1.mx-queretaro-1.aaaaaaaalqwe34y46htlqjwsriuab3x422wucw35xlrb4yd26tqt6m7rep6a",
                "source_name": "Oracle-Linux-7.9-aarch64-2024.11.30-0-OKE-1.34.1-1191",
                "source_type": "IMAGE"
              },
              {
                "image_id": "ocid1.image.oc1.mx-queretaro-1.aaaaaaaahou4plllhvimwpv3uao4pmld3xkmzlvvj2u627sdlcv4aenjawxq",
                "source_name": "Oracle-Linux-7.9-aarch64-2024.11.30-0-OKE-1.33.1-967",
                "source_type": "IMAGE"
              },
              {
                "image_id": "ocid1.image.oc1.mx-queretaro-1.aaaaaaaasf7wvjvv4khxrvzt3s26dpbpyvp25vibphunx2uz2wmdlz3omoaa",
                "source_name": "Oracle-Linux-7.9-aarch64-2024.11.30-0-OKE-1.33.1-1330",
                "source_type": "IMAGE"
              },
              {
                "image_id": "ocid1.image.oc1.mx-queretaro-1.aaaaaaaaap2plh63px4x23g5s72t57dd4hqmcdl4kj2nmsghrr76x42sleaa",
                "source_name": "Oracle-Linux-7.9-aarch64-2024.11.30-0-OKE-1.33.1-1191",
                "source_type": "IMAGE"
              },
              {
                "image_id": "ocid1.image.oc1.mx-queretaro-1.aaaaaaaarbahrzfltgtqn5zrruwoqffpwuegbklqsjv7y4f2qhq3zxe2jxiq",
                "source_name": "Oracle-Linux-7.9-aarch64-2024.11.30-0-OKE-1.32.1-967",
                "source_type": "IMAGE"
              },
              {
                "image_id": "ocid1.image.oc1.mx-queretaro-1.aaaaaaaajcpukpadfvtkdpy2jf6ni3ud3txqozqqa62dtsp2hzta4auwl7yq",
                "source_name": "Oracle-Linux-7.9-aarch64-2024.11.30-0-OKE-1.32.1-1330",
                "source_type": "IMAGE"
              },
              {
                "image_id": "ocid1.image.oc1.mx-queretaro-1.aaaaaaaaf6k7wbwjbsr5q42oargsikvohubystsmxzt5rna63jrc5bzpzglq",
                "source_name": "Oracle-Linux-7.9-aarch64-2024.11.30-0-OKE-1.32.1-1191",
                "source_type": "IMAGE"
              },
              {
                "image_id": "ocid1.image.oc1.mx-queretaro-1.aaaaaaaa3szop6aybxsdicees7t2os5p37b4ln647dn77frnal7o7hicfbca",
                "source_name": "Oracle-Linux-7.9-aarch64-2024.11.30-0-OKE-1.31.10-967",
                "source_type": "IMAGE"
              },
              {
                "image_id": "ocid1.image.oc1.mx-queretaro-1.aaaaaaaaghbjbyqmmut33ke5bom3cp4h3dlu2o5uo46oqrtgrujorjehrpaa",
                "source_name": "Oracle-Linux-7.9-aarch64-2024.11.30-0-OKE-1.31.10-1330",
                "source_type": "IMAGE"
              },
              {
                "image_id": "ocid1.image.oc1.mx-queretaro-1.aaaaaaaakudatqk5u2rdxomwxlvodfra3ueyb2wjhdeaok4h6zopiya5t6xq",
                "source_name": "Oracle-Linux-7.9-aarch64-2024.11.30-0-OKE-1.31.10-1191",
                "source_type": "IMAGE"
              },
              {
                "image_id": "ocid1.image.oc1.mx-queretaro-1.aaaaaaaaal6reom66x3xqh54mfjswkljgri6clubsxqnbmv6kdwbtbvmhufa",
                "source_name": "Oracle-Linux-7.9-aarch64-2024.11.30-0-OKE-1.31.1-804",
                "source_type": "IMAGE"
              },
              {
                "image_id": "ocid1.image.oc1.mx-queretaro-1.aaaaaaaazxwt75zm6ecyvlvvlvpfvdyuhfjz724vnw3xwl5yd52webehfr5q",
                "source_name": "Oracle-Linux-7.9-aarch64-2024.11.30-0-OKE-1.31.1-764",
                "source_type": "IMAGE"
              },
              {
                "image_id": "ocid1.image.oc1.mx-queretaro-1.aaaaaaaayzkiofhulc35akt36jbyg5ykv65f43aoxsvtri4476pnkwedg66a",
                "source_name": "Oracle-Linux-7.9-aarch64-2024.11.30-0-OKE-1.31.1-760",
                "source_type": "IMAGE"
              },
              {
                "image_id": "ocid1.image.oc1.mx-queretaro-1.aaaaaaaavyqouha43puu4264qceilds5rsiun3gxsqfgy6nscwtube3bvt7q",
                "source_name": "Oracle-Linux-7.9-Gen2-GPU-2025.07.21-0-OKE-1.35.0-1367",
                "source_type": "IMAGE"
              },
              {
                "image_id": "ocid1.image.oc1.mx-queretaro-1.aaaaaaaaqjvcjhgn2nsfs2ys337umbdg5wuxn5nmepymm73gn7e2ls7dwuwa",
                "source_name": "Oracle-Linux-7.9-Gen2-GPU-2025.07.21-0-OKE-1.34.2-1392",
                "source_type": "IMAGE"
              },
              {
                "image_id": "ocid1.image.oc1.mx-queretaro-1.aaaaaaaagjalfvnftnjlk7ufdqpkp55ed774tdcapefjhb4fdm2rcopjx2wq",
                "source_name": "Oracle-Linux-7.9-Gen2-GPU-2025.07.21-0-OKE-1.34.2-1367",
                "source_type": "IMAGE"
              },
              {
                "image_id": "ocid1.image.oc1.mx-queretaro-1.aaaaaaaalrfswte7gdziiqcfhpe4aoa3ulbftbt6op35aseeeeftbb64bw6q",
                "source_name": "Oracle-Linux-7.9-Gen2-GPU-2025.07.21-0-OKE-1.34.2-1345",
                "source_type": "IMAGE"
              },
              {
                "image_id": "ocid1.image.oc1.mx-queretaro-1.aaaaaaaaavrvae3vxmrb5fd7c47pyugyryisllapz47gh6lfviuko7mmt6ra",
                "source_name": "Oracle-Linux-7.9-Gen2-GPU-2025.07.21-0-OKE-1.34.1-1330",
                "source_type": "IMAGE"
              },
              {
                "image_id": "ocid1.image.oc1.mx-queretaro-1.aaaaaaaa2mvrslnnmwdfgqosrqdq2daza5qnnqeqzulvzvjzhafd4bhp3gia",
                "source_name": "Oracle-Linux-7.9-Gen2-GPU-2025.07.21-0-OKE-1.34.1-1191",
                "source_type": "IMAGE"
              },
              {
                "image_id": "ocid1.image.oc1.mx-queretaro-1.aaaaaaaa6qmkgfgbyzwtgxozeq2bbbyht6bncqizfzoeadqqdce6x2gxxt7q",
                "source_name": "Oracle-Linux-7.9-Gen2-GPU-2025.07.21-0-OKE-1.33.1-1392",
                "source_type": "IMAGE"
              },
              {
                "image_id": "ocid1.image.oc1.mx-queretaro-1.aaaaaaaag2pr4cxc4xa7dmbpbcpeprm2hviujkb7l2mafswvg376bvyljkzq",
                "source_name": "Oracle-Linux-7.9-Gen2-GPU-2025.07.21-0-OKE-1.33.1-1367",
                "source_type": "IMAGE"
              },
              {
                "image_id": "ocid1.image.oc1.mx-queretaro-1.aaaaaaaa2hcznvgy2gdlzhahxd67bok5cpbzdfghjd5dlasfz7bwrdjw3nja",
                "source_name": "Oracle-Linux-7.9-Gen2-GPU-2025.07.21-0-OKE-1.33.1-1345",
                "source_type": "IMAGE"
              },
              {
                "image_id": "ocid1.image.oc1.mx-queretaro-1.aaaaaaaauoa2q2g3okfkyx3y2fhdlqfdhgu64xq7yzpj5njwvx35d27v2eda",
                "source_name": "Oracle-Linux-7.9-Gen2-GPU-2025.07.21-0-OKE-1.32.10-1392",
                "source_type": "IMAGE"
              },
              {
                "image_id": "ocid1.image.oc1.mx-queretaro-1.aaaaaaaajwsgdrj4iymniwie7s2ubjha3hzlx3gnu5iakvzc7xizdmdgndna",
                "source_name": "Oracle-Linux-7.9-Gen2-GPU-2025.07.21-0-OKE-1.32.10-1367",
                "source_type": "IMAGE"
              },
              {
                "image_id": "ocid1.image.oc1.mx-queretaro-1.aaaaaaaahqfw3yvm2ccqstaasdqwyxolpz7hpoixmabd5zm5ag3stvlffowq",
                "source_name": "Oracle-Linux-7.9-Gen2-GPU-2025.07.21-0-OKE-1.32.10-1345",
                "source_type": "IMAGE"
              },
              {
                "image_id": "ocid1.image.oc1.mx-queretaro-1.aaaaaaaam5famk7oxcccq4xu63gzlox7uip5dex4seo3wc5lddmh7ncebqha",
                "source_name": "Oracle-Linux-7.9-Gen2-GPU-2025.07.21-0-OKE-1.32.1-967",
                "source_type": "IMAGE"
              },
              {
                "image_id": "ocid1.image.oc1.mx-queretaro-1.aaaaaaaaif67bm4d4477mmxem4t5wwpegoafx7x6wrgs4gj2pd74lhhij7sq",
                "source_name": "Oracle-Linux-7.9-Gen2-GPU-2025.07.21-0-OKE-1.32.1-1330",
                "source_type": "IMAGE"
              },
              {
                "image_id": "ocid1.image.oc1.mx-queretaro-1.aaaaaaaaofndhqhwbnxe5oklkiazievdjfniiqni24rncgvu7krtmgu2efca",
                "source_name": "Oracle-Linux-7.9-Gen2-GPU-2025.07.21-0-OKE-1.32.1-1191",
                "source_type": "IMAGE"
              },
              {
                "image_id": "ocid1.image.oc1.mx-queretaro-1.aaaaaaaa7bvgjc556c2eaujf24ryndgj2vjaditlpv23rvxjr76fotlcobia",
                "source_name": "Oracle-Linux-7.9-Gen2-GPU-2025.07.21-0-OKE-1.31.10-967",
                "source_type": "IMAGE"
              },
              {
                "image_id": "ocid1.image.oc1.mx-queretaro-1.aaaaaaaayas3zthsf7lleyxnezjlbhc4w5bhdnffpe7de2ugx6j2ykqgsexa",
                "source_name": "Oracle-Linux-7.9-Gen2-GPU-2025.07.21-0-OKE-1.31.10-1330",
                "source_type": "IMAGE"
              },
              {
                "image_id": "ocid1.image.oc1.mx-queretaro-1.aaaaaaaagdu5qrhnh3tywov43nc44ob6njtis5i3nt5s7aeo2jcdz4d5h76a",
                "source_name": "Oracle-Linux-7.9-Gen2-GPU-2025.07.21-0-OKE-1.31.10-1191",
                "source_type": "IMAGE"
              },
              {
                "image_id": "ocid1.image.oc1.mx-queretaro-1.aaaaaaaaq4p5hynqcurcprjdzi7zb7ly3nhwuf4yqmnjatgfgv5grdycb7oq",
                "source_name": "Oracle-Linux-7.9-Gen2-GPU-2025.01.31-0-OKE-1.31.1-804",
                "source_type": "IMAGE"
              },
              {
                "image_id": "ocid1.image.oc1.mx-queretaro-1.aaaaaaaaqiq77frboz45lhuhcxf5zgoml5tgpdjhbvhwso3wgshzijvyj5na",
                "source_name": "Oracle-Linux-7.9-Gen2-GPU-2025.01.31-0-OKE-1.31.1-764",
                "source_type": "IMAGE"
              },
              {
                "image_id": "ocid1.image.oc1.mx-queretaro-1.aaaaaaaasvqxrvcr63zqloq3g7n57zkolqytmgw4eflq574vggp3h7c2hkma",
                "source_name": "Oracle-Linux-7.9-Gen2-GPU-2025.01.31-0-OKE-1.31.1-760",
                "source_type": "IMAGE"
              },
              {
                "image_id": "ocid1.image.oc1.mx-queretaro-1.aaaaaaaayq4kpinmkhwuvnka5pgatnic5yb23z7jjky53alc4rr5ztni6xda",
                "source_name": "Oracle-Linux-7.9-2025.10.23-0-OKE-1.35.0-1367",
                "source_type": "IMAGE"
              },
              {
                "image_id": "ocid1.image.oc1.mx-queretaro-1.aaaaaaaatzdkgmb67xw5z5pusry5zv7o2o6nvt5zazvphss4vxr7aevev4ja",
                "source_name": "Oracle-Linux-7.9-2025.10.23-0-OKE-1.34.2-1392",
                "source_type": "IMAGE"
              },
              {
                "image_id": "ocid1.image.oc1.mx-queretaro-1.aaaaaaaabnfv523r34n24jta6254oyojetbtulkcthzv4cvclixoivgcmyoq",
                "source_name": "Oracle-Linux-7.9-2025.10.23-0-OKE-1.34.2-1367",
                "source_type": "IMAGE"
              },
              {
                "image_id": "ocid1.image.oc1.mx-queretaro-1.aaaaaaaabdxoeoz3yatxzaeebuamvvotbpi5f32hqqzjj32awdd5jfcghwzq",
                "source_name": "Oracle-Linux-7.9-2025.10.23-0-OKE-1.34.2-1345",
                "source_type": "IMAGE"
              },
              {
                "image_id": "ocid1.image.oc1.mx-queretaro-1.aaaaaaaa6dl3mzx4cw5hp36hwsc5zfc2q2whshwq3kqlx4mcdmbzourubapa",
                "source_name": "Oracle-Linux-7.9-2025.10.23-0-OKE-1.33.1-1392",
                "source_type": "IMAGE"
              },
              {
                "image_id": "ocid1.image.oc1.mx-queretaro-1.aaaaaaaan6qujn4jaus6w27go2iubpg4eikzox3c7rjnxektzhukwnlwjwka",
                "source_name": "Oracle-Linux-7.9-2025.10.23-0-OKE-1.33.1-1367",
                "source_type": "IMAGE"
              },
              {
                "image_id": "ocid1.image.oc1.mx-queretaro-1.aaaaaaaagf4uu626metvilii57hw7fu4m3iuvqwwszp4pcx3eocl6urpifya",
                "source_name": "Oracle-Linux-7.9-2025.10.23-0-OKE-1.33.1-1345",
                "source_type": "IMAGE"
              },
              {
                "image_id": "ocid1.image.oc1.mx-queretaro-1.aaaaaaaapbnzmh7da5agp3oqfhfrjfikc6xvtoff6p46dgtzv6arbzms2wda",
                "source_name": "Oracle-Linux-7.9-2025.10.23-0-OKE-1.32.10-1392",
                "source_type": "IMAGE"
              },
              {
                "image_id": "ocid1.image.oc1.mx-queretaro-1.aaaaaaaa4t3u45qxo7bbeqwf4lryz6nptcgmrejhq3sn4nmmoclqfi3z6oka",
                "source_name": "Oracle-Linux-7.9-2025.10.23-0-OKE-1.32.10-1367",
                "source_type": "IMAGE"
              },
              {
                "image_id": "ocid1.image.oc1.mx-queretaro-1.aaaaaaaaxdnfeepgrryi2q5h6eok57libzom6kgf5fbjerpv27cdkjfmo2qq",
                "source_name": "Oracle-Linux-7.9-2025.10.23-0-OKE-1.32.10-1345",
                "source_type": "IMAGE"
              },
              {
                "image_id": "ocid1.image.oc1.mx-queretaro-1.aaaaaaaa3h5ksdrk6vtoh6qztw453gwkcmmm5l5y554i5uuzumi7ccyysfnq",
                "source_name": "Oracle-Linux-7.9-2025.07.21-0-OKE-1.34.1-1330",
                "source_type": "IMAGE"
              },
              {
                "image_id": "ocid1.image.oc1.mx-queretaro-1.aaaaaaaaabpmo6xjngnz3ppozrx6d7eomqgxbgcrq4zjp26vcs6g7lpv6gfq",
                "source_name": "Oracle-Linux-7.9-2025.07.21-0-OKE-1.34.1-1191",
                "source_type": "IMAGE"
              },
              {
                "image_id": "ocid1.image.oc1.mx-queretaro-1.aaaaaaaa6vpf6mblxpuylomx2rzvxodjjj37eelsyh7oizzjxwciiqw7lpaa",
                "source_name": "Oracle-Linux-7.9-2025.07.21-0-OKE-1.32.1-967",
                "source_type": "IMAGE"
              },
              {
                "image_id": "ocid1.image.oc1.mx-queretaro-1.aaaaaaaajk4qzhk3vgxg57wos4fe6aasn6og6yzsqju7totkel4pon5rfhhq",
                "source_name": "Oracle-Linux-7.9-2025.07.21-0-OKE-1.32.1-1330",
                "source_type": "IMAGE"
              },
              {
                "image_id": "ocid1.image.oc1.mx-queretaro-1.aaaaaaaatdh7pzip3we2raplmueqnigrwpwutdegc5netzvkxaajngt2o66a",
                "source_name": "Oracle-Linux-7.9-2025.07.21-0-OKE-1.32.1-1191",
                "source_type": "IMAGE"
              },
              {
                "image_id": "ocid1.image.oc1.mx-queretaro-1.aaaaaaaau4qgvczpabpgm63znl4z7yztplgb64ujr55tdoixmwglgpindxaa",
                "source_name": "Oracle-Linux-7.9-2025.07.21-0-OKE-1.31.10-967",
                "source_type": "IMAGE"
              },
              {
                "image_id": "ocid1.image.oc1.mx-queretaro-1.aaaaaaaat5f7enkqdhf5ovxojnvfhq7zyi3aqrrrcwlqu4e3jikgv76rhgqa",
                "source_name": "Oracle-Linux-7.9-2025.07.21-0-OKE-1.31.10-1330",
                "source_type": "IMAGE"
              },
              {
                "image_id": "ocid1.image.oc1.mx-queretaro-1.aaaaaaaakptqivcebozdchtv2dskzhtjdjlyecix5yq4puuxmsyqmwivjrhq",
                "source_name": "Oracle-Linux-7.9-2025.07.21-0-OKE-1.31.10-1191",
                "source_type": "IMAGE"
              },
              {
                "image_id": "ocid1.image.oc1.mx-queretaro-1.aaaaaaaa7b5tj3pwgneynl4acw5m4rl5sz4ywhqsplq2s7sn36z5rcftacvq",
                "source_name": "Oracle-Linux-7.9-2025.04.16-0-OKE-1.31.1-804",
                "source_type": "IMAGE"
              },
              {
                "image_id": "ocid1.image.oc1.mx-queretaro-1.aaaaaaaammbipmtpz7fya3qey3kftjtlzaflbhqgsixxtwfwc3pllvjhaj5a",
                "source_name": "Oracle-Linux-7.9-2025.04.16-0-OKE-1.31.1-764",
                "source_type": "IMAGE"
              },
              {
                "image_id": "ocid1.image.oc1.mx-queretaro-1.aaaaaaaalsv2upahhnonasjiicedvggllog5vzicoahkudwkqtwnbnzfsyra",
                "source_name": "Oracle-Linux-7.9-2025.01.31-0-OKE-1.31.1-760",
                "source_type": "IMAGE"
              },
              {
                "image_id": "ocid1.image.oc1.mx-queretaro-1.aaaaaaaaqdwubxqfqcacagoncpbc4mketojsvv2665mz7jxoas4uivvtzsca",
                "source_name": "Oracle-Linux-8.10-aarch64-2026.03.31-0",
                "source_type": "IMAGE"
              },
              {
                "image_id": "ocid1.image.oc1.mx-queretaro-1.aaaaaaaauzilfearik2qr2ctmlk362zkmzotu7ze6g6pdrwwf5oem5aw2qyq",
                "source_name": "Oracle-Linux-8.10-aarch64-2026.02.28-0",
                "source_type": "IMAGE"
              },
              {
                "image_id": "ocid1.image.oc1.mx-queretaro-1.aaaaaaaafmlfneocdhov6prxmjneb3mbvgw5xbwjyxw2twlonlitbs5ekdlq",
                "source_name": "Oracle-Linux-8.10-aarch64-2026.01.29-0",
                "source_type": "IMAGE"
              },
              {
                "image_id": "ocid1.image.oc1.mx-queretaro-1.aaaaaaaadh4mxfvmqrm6cenjsdezybgvx7hvcvekliw3h4oraolrrqqhuema",
                "source_name": "Oracle-Linux-8.10-Gen2-GPU-2026.03.31-0",
                "source_type": "IMAGE"
              },
              {
                "image_id": "ocid1.image.oc1.mx-queretaro-1.aaaaaaaaeap27v7lty7turm5wyqcihq7dukujyrpqqw5ubrk7wxo2au4ryxq",
                "source_name": "Oracle-Linux-8.10-Gen2-GPU-2026.02.28-0",
                "source_type": "IMAGE"
              },
              {
                "image_id": "ocid1.image.oc1.mx-queretaro-1.aaaaaaaawjmtndkx6zvqjtmangbpbtftmiyvzdmpyfmmkkb2hvvrdjsvh2qa",
                "source_name": "Oracle-Linux-8.10-Gen2-GPU-2026.01.29-0",
                "source_type": "IMAGE"
              },
              {
                "image_id": "ocid1.image.oc1.mx-queretaro-1.aaaaaaaa3l5enhajsfhd3hzl3565x3utahlg3carbrvmaelz7rogt56wnbaq",
                "source_name": "Oracle-Linux-8.10-Gen2-AMD-GPU-2025.08.31-0",
                "source_type": "IMAGE"
              },
              {
                "image_id": "ocid1.image.oc1.mx-queretaro-1.aaaaaaaao5yj76wqdbiodhiio63f7oynpgdsgrfqqoqmxy227upeamwvw6ha",
                "source_name": "Oracle-Linux-8.10-Gen2-AMD-GPU-2024.08.31-0",
                "source_type": "IMAGE"
              },
              {
                "image_id": "ocid1.image.oc1.mx-queretaro-1.aaaaaaaablsyyfmzruxsztytsv34tp74vq7iy55mjnlqmreavusgrk4cai6q",
                "source_name": "Oracle-Linux-8.10-2026.03.31-0",
                "source_type": "IMAGE"
              },
              {
                "image_id": "ocid1.image.oc1.mx-queretaro-1.aaaaaaaajaxx4jpaqxqbzlu4dpf64ejdidoco2dm6bcscvuu22fzdphxhdvq",
                "source_name": "Oracle-Linux-8.10-2026.02.28-0",
                "source_type": "IMAGE"
              },
              {
                "image_id": "ocid1.image.oc1.mx-queretaro-1.aaaaaaaa333qe7jdweblf4wmancdn5z5o5snwz3lbaxzt56da6b6rnigiprq",
                "source_name": "Oracle-Linux-8.10-2026.01.29-0",
                "source_type": "IMAGE"
              },
              {
                "image_id": "ocid1.image.oc1.mx-queretaro-1.aaaaaaaaz7xr6cbss3bfasxvmrg2kxtlubyc7au4zc4yycjdr5pgxrvdtqrq",
                "source_name": "Oracle-Linux-7.9-aarch64-2024.11.30-0",
                "source_type": "IMAGE"
              },
              {
                "image_id": "ocid1.image.oc1.mx-queretaro-1.aaaaaaaa2iwcgoycjcybes5p5newx2kei76um6v3sxjqk6bgisto22e4nd2a",
                "source_name": "Oracle-Linux-7.9-aarch64-2024.10.31-0",
                "source_type": "IMAGE"
              },
              {
                "image_id": "ocid1.image.oc1.mx-queretaro-1.aaaaaaaaqccalmvuwdxfttw5znds5i7pf3erjxv5wdks4cm4ob5sm6zm6eua",
                "source_name": "Oracle-Linux-7.9-aarch64-2024.09.30-0",
                "source_type": "IMAGE"
              },
              {
                "image_id": "ocid1.image.oc1.mx-queretaro-1.aaaaaaaa4e6ellj2lfyhyzm4mky44tata4aimfv7vjsxulwdghey2vlgyida",
                "source_name": "Oracle-Linux-7.9-Gen2-GPU-2025.07.21-0",
                "source_type": "IMAGE"
              },
              {
                "image_id": "ocid1.image.oc1.mx-queretaro-1.aaaaaaaaa3kxwzhkqgurxkfloyjovr4fld5xwyw2q4c7cvn3ixdrhi7fkx2a",
                "source_name": "Oracle-Linux-7.9-Gen2-GPU-2025.01.31-0",
                "source_type": "IMAGE"
              },
              {
                "image_id": "ocid1.image.oc1.mx-queretaro-1.aaaaaaaag37lgkntc5gqcbn75z3hmchemmdw5d2pvrmggdlrijrtpe7jd5yq",
                "source_name": "Oracle-Linux-7.9-Gen2-GPU-2024.11.30-0",
                "source_type": "IMAGE"
              },
              {
                "image_id": "ocid1.image.oc1.mx-queretaro-1.aaaaaaaarl44toyodko2vca7cmsjyasgowj6hcul6kmckm7dzrj33dd5kjhq",
                "source_name": "Oracle-Linux-7.9-2025.10.23-0",
                "source_type": "IMAGE"
              },
              {
                "image_id": "ocid1.image.oc1.mx-queretaro-1.aaaaaaaajsomgojmn2kuyth7r6it3smh6ax53uvdk4z4ia2zy5hggzk2xkjq",
                "source_name": "Oracle-Linux-7.9-2025.07.21-0",
                "source_type": "IMAGE"
              },
              {
                "image_id": "ocid1.image.oc1.mx-queretaro-1.aaaaaaaamyntbcto2qhr3zx254d5plmzt6zeyscsjmm7cjtb7fccnwc24szq",
                "source_name": "Oracle-Linux-7.9-2025.04.16-0",
                "source_type": "IMAGE"
              }
            ]
          },
          "sensitive_attributes": []
        }
      ]
    },
    {
      "mode": "data",
      "type": "oci_core_services",
      "name": "services",
      "provider": "provider[\"registry.terraform.io/hashicorp/oci\"]",
      "instances": [
        {
          "schema_version": 0,
          "attributes": {
            "filter": [
              {
                "name": "name",
                "regex": true,
                "values": [
                  "All .* Services In Oracle Services Network"
                ]
              }
            ],
            "id": "CoreServicesDataSource-0",
            "services": [
              {
                "cidr_block": "all-qro-services-in-oracle-services-network",
                "description": "All QRO Services In Oracle Services Network",
                "id": "ocid1.service.oc1.mx-queretaro-1.aaaaaaaayvg3nrjmjfutkwgtod4g36arka7blin2p3e4fhc5ryv5ciqf7vaq",
                "name": "All QRO Services In Oracle Services Network"
              }
            ]
          },
          "sensitive_attributes": []
        }
      ]
    },
    {
      "mode": "data",
      "type": "oci_database_autonomous_databases",
      "name": "autonomous_databases_atp",
      "provider": "provider[\"registry.terraform.io/hashicorp/oci\"]",
      "instances": [
        {
          "schema_version": 0,
          "attributes": {
            "autonomous_container_database_id": null,
            "autonomous_databases": [
              {
                "admin_password": "",
                "apex_details": [
                  {
                    "apex_version": "24.2.15",
                    "ords_version": "26.1.0.079.1128"
                  }
                ],
                "are_primary_whitelisted_ips_used": false,
                "autonomous_container_database_id": "",
                "autonomous_database_backup_id": "",
                "autonomous_database_id": "",
                "autonomous_maintenance_schedule_type": "REGULAR",
                "available_upgrade_versions": [
                  "23ai",
                  "26ai"
                ],
                "backup_config": [
                  {
                    "manual_backup_bucket_name": "",
                    "manual_backup_type": "NONE"
                  }
                ],
                "clone_type": "",
                "compartment_id": "ocid1.compartment.oc1..aaaaaaaamsxu7gf4s4oxdvfuh46dn4dfdf7nkwvg6mp2qjcxm5xhgiyqxgda",
                "connection_strings": [
                  {
                    "all_connection_strings": {
                      "HIGH": "adb.mx-queretaro-1.oraclecloud.com:1522/gbe09837a45665c_yoyodymemyi1r_high.adb.oraclecloud.com",
                      "LOW": "adb.mx-queretaro-1.oraclecloud.com:1522/gbe09837a45665c_yoyodymemyi1r_low.adb.oraclecloud.com",
                      "MEDIUM": "adb.mx-queretaro-1.oraclecloud.com:1522/gbe09837a45665c_yoyodymemyi1r_medium.adb.oraclecloud.com",
                      "TP": "adb.mx-queretaro-1.oraclecloud.com:1522/gbe09837a45665c_yoyodymemyi1r_tp.adb.oraclecloud.com",
                      "TPURGENT": "adb.mx-queretaro-1.oraclecloud.com:1522/gbe09837a45665c_yoyodymemyi1r_tpurgent.adb.oraclecloud.com"
                    },
                    "dedicated": "",
                    "high": "adb.mx-queretaro-1.oraclecloud.com:1522/gbe09837a45665c_yoyodymemyi1r_high.adb.oraclecloud.com",
                    "low": "adb.mx-queretaro-1.oraclecloud.com:1522/gbe09837a45665c_yoyodymemyi1r_low.adb.oraclecloud.com",
                    "medium": "adb.mx-queretaro-1.oraclecloud.com:1522/gbe09837a45665c_yoyodymemyi1r_medium.adb.oraclecloud.com"
                  }
                ],
                "connection_urls": [
                  {
                    "apex_url": "https://GBE09837A45665C-YOYODYMEMYI1R.adb.mx-queretaro-1.oraclecloudapps.com/ords/apex",
                    "graph_studio_url": "https://GBE09837A45665C-YOYODYMEMYI1R.adb.mx-queretaro-1.oraclecloudapps.com/graphstudio/?sso=true",
                    "machine_learning_user_management_url": "https://GBE09837A45665C-YOYODYMEMYI1R.adb.mx-queretaro-1.oraclecloudapps.com/omlusers/",
                    "sql_dev_web_url": "https://GBE09837A45665C-YOYODYMEMYI1R.adb.mx-queretaro-1.oraclecloudapps.com/ords/sql-developer"
                  }
                ],
                "cpu_core_count": 0,
                "customer_contacts": [],
                "data_safe_status": "NOT_REGISTERED",
                "data_storage_size_in_gb": 20,
                "data_storage_size_in_tbs": 0,
                "db_name": "yoyodymemyi1r",
                "db_version": "19c",
                "db_workload": "OLTP",
                "defined_tags": {
                  "Oracle-Tags.CreatedBy": "default/a00838956@tec.mx",
                  "Oracle-Tags.CreatedOn": "2026-04-23T16:23:22.044Z"
                },
                "display_name": "MTDRDB",
                "failed_data_recovery_in_seconds": 0,
                "freeform_tags": {},
                "id": "ocid1.autonomousdatabase.oc1.mx-queretaro-1.anyxeljrye4fqrqav4jxbe7cvhz2xr6fjcutns2er5ntunfkypixmensy7ya",
                "infrastructure_type": "",
                "is_access_control_enabled": false,
                "is_auto_scaling_enabled": false,
                "is_data_guard_enabled": false,
                "is_dedicated": false,
                "is_free_tier": true,
                "is_preview": false,
                "is_preview_version_with_service_terms_accepted": false,
                "is_refreshable_clone": false,
                "key_history_entry": [
                  {
                    "id": "ORACLE_MANAGED_KEY",
                    "time_activated": "2026-04-23 16:24:05.394 +0000 UTC",
                    "vault_id": ""
                  }
                ],
                "key_store_id": "",
                "key_store_wallet_name": "",
                "kms_key_id": "ORACLE_MANAGED_KEY",
                "kms_key_lifecycle_details": "",
                "license_model": "LICENSE_INCLUDED",
                "lifecycle_details": "",
                "nsg_ids": [],
                "ocpu_count": 0,
                "open_mode": "READ_WRITE",
                "operations_insights_status": "NOT_ENABLED",
                "permission_level": "UNRESTRICTED",
                "private_endpoint": "",
                "private_endpoint_ip": "",
                "private_endpoint_label": "",
                "refreshable_mode": "",
                "refreshable_status": "",
                "role": "",
                "rotate_key_trigger": false,
                "service_console_url": "",
                "source": "",
                "source_id": "",
                "standby_db": [],
                "standby_whitelisted_ips": [],
                "state": "AVAILABLE",
                "subnet_id": "",
                "switchover_to": "",
                "system_tags": {
                  "orcl-cloud.free-tier-retained": "true"
                },
                "time_created": "2026-04-23 16:23:22.065 +0000 UTC",
                "time_deletion_of_free_autonomous_database": "",
                "time_maintenance_begin": "2026-05-02 04:00:00 +0000 UTC",
                "time_maintenance_end": "2026-05-02 06:00:00 +0000 UTC",
                "time_of_last_failover": "",
                "time_of_last_refresh": "",
                "time_of_last_refresh_point": "",
                "time_of_last_switchover": "",
                "time_of_next_refresh": "",
                "time_reclamation_of_free_autonomous_database": "2026-04-30 17:52:19.22 +0000 UTC",
                "timestamp": "",
                "used_data_storage_size_in_tbs": 0,
                "vault_id": "",
                "whitelisted_ips": []
              }
            ],
            "compartment_id": "ocid1.compartment.oc1..aaaaaaaamsxu7gf4s4oxdvfuh46dn4dfdf7nkwvg6mp2qjcxm5xhgiyqxgda",
            "db_version": null,
            "db_workload": "OLTP",
            "display_name": "MTDRDB",
            "filter": null,
            "id": "DatabaseAutonomousDatabasesDataSource-1228035790",
            "infrastructure_type": null,
            "is_data_guard_enabled": null,
            "is_free_tier": null,
            "is_refreshable_clone": null,
            "state": null
          },
          "sensitive_attributes": []
        }
      ]
    },
    {
      "mode": "data",
      "type": "oci_identity_availability_domain",
      "name": "ad1",
      "provider": "provider[\"registry.terraform.io/hashicorp/oci\"]",
      "instances": [
        {
          "schema_version": 0,
          "attributes": {
            "ad_number": 1,
            "compartment_id": "ocid1.tenancy.oc1..aaaaaaaab32jpf5nepirstbkntsg4kuv45ntdluw4izzvmvs6wgutphfrepq",
            "id": "ocid1.availabilitydomain.oc1..aaaaaaaahpm2sutjrjc3rr22nwe5lo6rtf24rqzd5wog6oql5xmkrdy2avda",
            "name": "AoUD:MX-QUERETARO-1-AD-1"
          },
          "sensitive_attributes": []
        }
      ]
    },
    {
      "mode": "data",
      "type": "oci_objectstorage_namespace",
      "name": "namespace",
      "provider": "provider[\"registry.terraform.io/hashicorp/oci\"]",
      "instances": [
        {
          "schema_version": 0,
          "attributes": {
            "compartment_id": "ocid1.compartment.oc1..aaaaaaaamsxu7gf4s4oxdvfuh46dn4dfdf7nkwvg6mp2qjcxm5xhgiyqxgda",
            "id": "ObjectStorageNamespaceDataSource-2712221955",
            "namespace": "axx2gmncrzyo"
          },
          "sensitive_attributes": []
        }
      ]
    },
    {
      "mode": "data",
      "type": "oci_objectstorage_namespace",
      "name": "test_namespace",
      "provider": "provider[\"registry.terraform.io/hashicorp/oci\"]",
      "instances": [
        {
          "schema_version": 0,
          "attributes": {
            "compartment_id": "ocid1.compartment.oc1..aaaaaaaamsxu7gf4s4oxdvfuh46dn4dfdf7nkwvg6mp2qjcxm5xhgiyqxgda",
            "id": "ObjectStorageNamespaceDataSource-2712221955",
            "namespace": "axx2gmncrzyo"
          },
          "sensitive_attributes": []
        }
      ]
    },
    {
      "mode": "managed",
      "type": "oci_artifacts_container_repository",
      "name": "todolist",
      "provider": "provider[\"registry.terraform.io/hashicorp/oci\"]",
      "instances": [
        {
          "schema_version": 0,
          "attributes": {
            "billable_size_in_gbs": "0",
            "compartment_id": "ocid1.compartment.oc1..aaaaaaaamsxu7gf4s4oxdvfuh46dn4dfdf7nkwvg6mp2qjcxm5xhgiyqxgda",
            "created_by": "ocid1.user.oc1..aaaaaaaay65zakgqjef5ottuzlq6lo4oivlcmmgymhpczg2fdgisuhgiu6eq",
            "display_name": "yoyodyme/myi1r/todolistapp-springboot",
            "id": "ocid1.containerrepo.oc1.mx-queretaro-1.0.axx2gmncrzyo.aaaaaaaa5547lwev5y24ehe52fdodqads3fn7n2eltproswrtta4s4mqyd2q",
            "image_count": 0,
            "is_immutable": false,
            "is_public": true,
            "layer_count": 0,
            "layers_size_in_bytes": "0",
            "readme": [],
            "state": "AVAILABLE",
            "time_created": "2026-04-23 16:00:40.629 +0000 UTC",
            "time_last_pushed": null,
            "timeouts": null
          },
          "sensitive_attributes": [],
          "private": "eyJlMmJmYjczMC1lY2FhLTExZTYtOGY4OC0zNDM2M2JjN2M0YzAiOnsiY3JlYXRlIjoxMjAwMDAwMDAwMDAwLCJkZWxldGUiOjEyMDAwMDAwMDAwMDAsInVwZGF0ZSI6MTIwMDAwMDAwMDAwMH19"
        }
      ]
    },
    {
      "mode": "managed",
      "type": "oci_containerengine_cluster",
      "name": "mtdrworkshop_cluster",
      "provider": "provider[\"registry.terraform.io/hashicorp/oci\"]",
      "instances": [
        {
          "schema_version": 0,
          "attributes": {
            "available_kubernetes_upgrades": [],
            "compartment_id": "ocid1.compartment.oc1..aaaaaaaamsxu7gf4s4oxdvfuh46dn4dfdf7nkwvg6mp2qjcxm5xhgiyqxgda",
            "endpoint_config": [
              {
                "is_public_ip_enabled": true,
                "nsg_ids": [],
                "subnet_id": "ocid1.subnet.oc1.mx-queretaro-1.aaaaaaaadzzbzbfv4bpmltrc2tra7cqjypioi34hbnow6j5bvn6xvevmaewq"
              }
            ],
            "endpoints": [
              {
                "kubernetes": "",
                "private_endpoint": "10.0.0.8:6443",
                "public_endpoint": "160.34.219.4:6443"
              }
            ],
            "id": "ocid1.cluster.oc1.mx-queretaro-1.aaaaaaaacc5me6uxn54aor5nulwtztwti4m6by7tt3aqqcctec56oveahybq",
            "image_policy_config": [
              {
                "is_policy_enabled": false,
                "key_details": []
              }
            ],
            "kms_key_id": null,
            "kubernetes_version": "v1.35.0",
            "lifecycle_details": null,
            "metadata": [
              {
                "created_by_user_id": "ocid1.user.oc1..aaaaaaaay65zakgqjef5ottuzlq6lo4oivlcmmgymhpczg2fdgisuhgiu6eq",
                "created_by_work_request_id": "ocid1.clustersworkrequest.oc1.mx-queretaro-1.aaaaaaaa7lbh46d4bt5ompefjgnt6d4w6dbaouilqjv245ex2wxzmmbjufoq",
                "deleted_by_user_id": "",
                "deleted_by_work_request_id": "",
                "time_created": "2026-04-23 16:23:21 +0000 UTC",
                "time_deleted": "",
                "time_updated": "2026-04-23 16:54:04 +0000 UTC",
                "updated_by_user_id": "ocid1.user.oc1..aaaaaaaay65zakgqjef5ottuzlq6lo4oivlcmmgymhpczg2fdgisuhgiu6eq",
                "updated_by_work_request_id": "ocid1.clustersworkrequest.oc1.mx-queretaro-1.aaaaaaaa3xc7ql3w46dejlhm3v4gc7ukxuu5tsgljoyyqq7rkwytt453xqea"
              }
            ],
            "name": "mtdrworkshopcluster-myi1r",
            "options": [
              {
                "add_ons": [
                  {
                    "is_kubernetes_dashboard_enabled": false,
                    "is_tiller_enabled": false
                  }
                ],
                "admission_controller_options": [
                  {
                    "is_pod_security_policy_enabled": false
                  }
                ],
                "kubernetes_network_config": [
                  {
                    "pods_cidr": "10.244.0.0/16",
                    "services_cidr": "10.96.0.0/16"
                  }
                ],
                "service_lb_subnet_ids": [
                  "ocid1.subnet.oc1.mx-queretaro-1.aaaaaaaaqg55xlt655ilsjl5w6eh2tujh7juy5fosxgc455h6rzfw4gtasha"
                ]
              }
            ],
            "state": "ACTIVE",
            "timeouts": null,
            "vcn_id": "ocid1.vcn.oc1.mx-queretaro-1.amaaaaaaye4fqrqah57leigu7lchjdipcnbuv5wf2pn2ksfrtlrr5um3k2iq"
          },
          "sensitive_attributes": [],
          "private": "eyJlMmJmYjczMC1lY2FhLTExZTYtOGY4OC0zNDM2M2JjN2M0YzAiOnsiY3JlYXRlIjozNjAwMDAwMDAwMDAwLCJkZWxldGUiOjM2MDAwMDAwMDAwMDAsInVwZGF0ZSI6MzYwMDAwMDAwMDAwMH19",
          "dependencies": [
            "data.oci_containerengine_cluster_option.mtdrworkshop_cluster_option",
            "oci_core_subnet.endpoint",
            "oci_core_subnet.svclb_Subnet",
            "oci_core_vcn.okevcn"
          ]
        }
      ]
    },
    {
      "mode": "managed",
      "type": "oci_containerengine_node_pool",
      "name": "oke_node_pool",
      "provider": "provider[\"registry.terraform.io/hashicorp/oci\"]",
      "instances": []
    },
    {
      "mode": "managed",
      "type": "oci_core_default_route_table",
      "name": "public",
      "provider": "provider[\"registry.terraform.io/hashicorp/oci\"]",
      "instances": [
        {
          "schema_version": 0,
          "attributes": {
            "compartment_id": "ocid1.compartment.oc1..aaaaaaaamsxu7gf4s4oxdvfuh46dn4dfdf7nkwvg6mp2qjcxm5xhgiyqxgda",
            "defined_tags": {
              "Oracle-Tags.CreatedBy": "default/a00838956@tec.mx",
              "Oracle-Tags.CreatedOn": "2026-04-23T16:00:40.589Z"
            },
            "display_name": "public",
            "freeform_tags": {},
            "id": "ocid1.routetable.oc1.mx-queretaro-1.aaaaaaaazdjdm57wuokadzvayi3dmw2xft7nitfkveiym5bjmowar4x6t7oa",
            "manage_default_resource_id": "ocid1.routetable.oc1.mx-queretaro-1.aaaaaaaazdjdm57wuokadzvayi3dmw2xft7nitfkveiym5bjmowar4x6t7oa",
            "route_rules": [
              {
                "cidr_block": "",
                "description": "traffic to/from internet",
                "destination": "0.0.0.0/0",
                "destination_type": "CIDR_BLOCK",
                "network_entity_id": "ocid1.internetgateway.oc1.mx-queretaro-1.aaaaaaaa7ejuiq2be5kyhw4lk5eurkhnb377dqdqdjypko62rqr2hncabs4q"
              }
            ],
            "state": "AVAILABLE",
            "time_created": "2026-04-23 16:00:40.659 +0000 UTC",
            "timeouts": null
          },
          "sensitive_attributes": [],
          "private": "eyJlMmJmYjczMC1lY2FhLTExZTYtOGY4OC0zNDM2M2JjN2M0YzAiOnsiY3JlYXRlIjoxMjAwMDAwMDAwMDAwLCJkZWxldGUiOjEyMDAwMDAwMDAwMDAsInVwZGF0ZSI6MTIwMDAwMDAwMDAwMH19",
          "dependencies": [
            "oci_core_internet_gateway.igw",
            "oci_core_vcn.okevcn"
          ]
        }
      ]
    },
    {
      "mode": "managed",
      "type": "oci_core_internet_gateway",
      "name": "igw",
      "provider": "provider[\"registry.terraform.io/hashicorp/oci\"]",
      "instances": [
        {
          "schema_version": 0,
          "attributes": {
            "compartment_id": "ocid1.compartment.oc1..aaaaaaaamsxu7gf4s4oxdvfuh46dn4dfdf7nkwvg6mp2qjcxm5xhgiyqxgda",
            "defined_tags": {
              "Oracle-Tags.CreatedBy": "default/a00838956@tec.mx",
              "Oracle-Tags.CreatedOn": "2026-04-23T16:00:41.079Z"
            },
            "display_name": "ClusterInternetGateway",
            "enabled": true,
            "freeform_tags": {},
            "id": "ocid1.internetgateway.oc1.mx-queretaro-1.aaaaaaaa7ejuiq2be5kyhw4lk5eurkhnb377dqdqdjypko62rqr2hncabs4q",
            "state": "AVAILABLE",
            "time_created": "2026-04-23 16:00:41.113 +0000 UTC",
            "timeouts": null,
            "vcn_id": "ocid1.vcn.oc1.mx-queretaro-1.amaaaaaaye4fqrqah57leigu7lchjdipcnbuv5wf2pn2ksfrtlrr5um3k2iq"
          },
          "sensitive_attributes": [],
          "private": "eyJlMmJmYjczMC1lY2FhLTExZTYtOGY4OC0zNDM2M2JjN2M0YzAiOnsiY3JlYXRlIjoxMjAwMDAwMDAwMDAwLCJkZWxldGUiOjEyMDAwMDAwMDAwMDAsInVwZGF0ZSI6MTIwMDAwMDAwMDAwMH19",
          "dependencies": [
            "oci_core_vcn.okevcn"
          ]
        }
      ]
    },
    {
      "mode": "managed",
      "type": "oci_core_nat_gateway",
      "name": "ngw",
      "provider": "provider[\"registry.terraform.io/hashicorp/oci\"]",
      "instances": [
        {
          "schema_version": 0,
          "attributes": {
            "block_traffic": false,
            "compartment_id": "ocid1.compartment.oc1..aaaaaaaamsxu7gf4s4oxdvfuh46dn4dfdf7nkwvg6mp2qjcxm5xhgiyqxgda",
            "defined_tags": {
              "Oracle-Tags.CreatedBy": "default/a00838956@tec.mx",
              "Oracle-Tags.CreatedOn": "2026-04-23T16:00:41.147Z"
            },
            "display_name": "ngw",
            "freeform_tags": {},
            "id": "ocid1.natgateway.oc1.mx-queretaro-1.aaaaaaaaimxltcpmug5ye2ebuvnpgakkvvdghwsdgs5jl7z4f2fp4c5z5wvq",
            "nat_ip": "159.54.136.25",
            "public_ip_id": "ocid1.publicip.oc1.mx-queretaro-1.aaaaaaaaawqokjmybcb4lhqgm3fa27iyxumy33f3enehkw6szh6i5qv2lmqq",
            "state": "AVAILABLE",
            "time_created": "2026-04-23 16:00:41.328 +0000 UTC",
            "timeouts": null,
            "vcn_id": "ocid1.vcn.oc1.mx-queretaro-1.amaaaaaaye4fqrqah57leigu7lchjdipcnbuv5wf2pn2ksfrtlrr5um3k2iq"
          },
          "sensitive_attributes": [],
          "private": "eyJlMmJmYjczMC1lY2FhLTExZTYtOGY4OC0zNDM2M2JjN2M0YzAiOnsiY3JlYXRlIjoxMjAwMDAwMDAwMDAwLCJkZWxldGUiOjEyMDAwMDAwMDAwMDAsInVwZGF0ZSI6MTIwMDAwMDAwMDAwMH19",
          "dependencies": [
            "oci_core_vcn.okevcn"
          ]
        }
      ]
    },
    {
      "mode": "managed",
      "type": "oci_core_route_table",
      "name": "private",
      "provider": "provider[\"registry.terraform.io/hashicorp/oci\"]",
      "instances": [
        {
          "schema_version": 0,
          "attributes": {
            "compartment_id": "ocid1.compartment.oc1..aaaaaaaamsxu7gf4s4oxdvfuh46dn4dfdf7nkwvg6mp2qjcxm5xhgiyqxgda",
            "defined_tags": {
              "Oracle-Tags.CreatedBy": "default/a00838956@tec.mx",
              "Oracle-Tags.CreatedOn": "2026-04-23T16:00:42.404Z"
            },
            "display_name": "private",
            "freeform_tags": {},
            "id": "ocid1.routetable.oc1.mx-queretaro-1.aaaaaaaan657dfu2afzvsnau7oc3ojx3ql277puf6qeat5lxpmwwgd4pf3wq",
            "route_rules": [
              {
                "cidr_block": "",
                "description": "Traffic to OCI Services",
                "destination": "all-qro-services-in-oracle-services-network",
                "destination_type": "SERVICE_CIDR_BLOCK",
                "network_entity_id": "ocid1.servicegateway.oc1.mx-queretaro-1.aaaaaaaa55rpmjrzrragsnd7n6krifk6frd22ckd33ifjfm4x2rz2fohgcea"
              },
              {
                "cidr_block": "",
                "description": "Traffic to the internet",
                "destination": "0.0.0.0/0",
                "destination_type": "CIDR_BLOCK",
                "network_entity_id": "ocid1.natgateway.oc1.mx-queretaro-1.aaaaaaaaimxltcpmug5ye2ebuvnpgakkvvdghwsdgs5jl7z4f2fp4c5z5wvq"
              }
            ],
            "state": "AVAILABLE",
            "time_created": "2026-04-23 16:00:42.452 +0000 UTC",
            "timeouts": null,
            "vcn_id": "ocid1.vcn.oc1.mx-queretaro-1.amaaaaaaye4fqrqah57leigu7lchjdipcnbuv5wf2pn2ksfrtlrr5um3k2iq"
          },
          "sensitive_attributes": [],
          "private": "eyJlMmJmYjczMC1lY2FhLTExZTYtOGY4OC0zNDM2M2JjN2M0YzAiOnsiY3JlYXRlIjoxMjAwMDAwMDAwMDAwLCJkZWxldGUiOjEyMDAwMDAwMDAwMDAsInVwZGF0ZSI6MTIwMDAwMDAwMDAwMH19",
          "dependencies": [
            "data.oci_core_services.services",
            "oci_core_nat_gateway.ngw",
            "oci_core_service_gateway.sgw",
            "oci_core_vcn.okevcn"
          ]
        }
      ]
    },
    {
      "mode": "managed",
      "type": "oci_core_security_list",
      "name": "endpoint",
      "provider": "provider[\"registry.terraform.io/hashicorp/oci\"]",
      "instances": [
        {
          "schema_version": 0,
          "attributes": {
            "compartment_id": "ocid1.compartment.oc1..aaaaaaaamsxu7gf4s4oxdvfuh46dn4dfdf7nkwvg6mp2qjcxm5xhgiyqxgda",
            "defined_tags": {
              "Oracle-Tags.CreatedBy": "default/a00838956@tec.mx",
              "Oracle-Tags.CreatedOn": "2026-04-23T16:00:41.105Z"
            },
            "display_name": "endpoint",
            "egress_security_rules": [
              {
                "description": "All traffic to worker nodes",
                "destination": "10.0.10.0/24",
                "destination_type": "CIDR_BLOCK",
                "icmp_options": [],
                "protocol": "6",
                "stateless": false,
                "tcp_options": [],
                "udp_options": []
              },
              {
                "description": "Allow Kubernetes Control Plane to communicate with OKE",
                "destination": "all-qro-services-in-oracle-services-network",
                "destination_type": "SERVICE_CIDR_BLOCK",
                "icmp_options": [],
                "protocol": "6",
                "stateless": false,
                "tcp_options": [
                  {
                    "max": 443,
                    "min": 443,
                    "source_port_range": []
                  }
                ],
                "udp_options": []
              },
              {
                "description": "Path Discovery",
                "destination": "10.0.10.0/24",
                "destination_type": "CIDR_BLOCK",
                "icmp_options": [
                  {
                    "code": 4,
                    "type": 3
                  }
                ],
                "protocol": "1",
                "stateless": false,
                "tcp_options": [],
                "udp_options": []
              }
            ],
            "freeform_tags": {},
            "id": "ocid1.securitylist.oc1.mx-queretaro-1.aaaaaaaa4v355xc446yc55sewuqm2mpu4ffpxtidcv7wu4d6cwdnptgirysq",
            "ingress_security_rules": [
              {
                "description": "External access to Kubernetes API Endpoint",
                "icmp_options": [],
                "protocol": "6",
                "source": "0.0.0.0/0",
                "source_type": "CIDR_BLOCK",
                "stateless": false,
                "tcp_options": [
                  {
                    "max": 6443,
                    "min": 6443,
                    "source_port_range": []
                  }
                ],
                "udp_options": []
              },
              {
                "description": "Kubernetes woker to control plane communication",
                "icmp_options": [],
                "protocol": "6",
                "source": "10.0.10.0/24",
                "source_type": "CIDR_BLOCK",
                "stateless": false,
                "tcp_options": [
                  {
                    "max": 12250,
                    "min": 12250,
                    "source_port_range": []
                  }
                ],
                "udp_options": []
              },
              {
                "description": "Kubernetes worker to Kubernetes API endpoint communication",
                "icmp_options": [],
                "protocol": "6",
                "source": "10.0.10.0/24",
                "source_type": "CIDR_BLOCK",
                "stateless": false,
                "tcp_options": [
                  {
                    "max": 6443,
                    "min": 6443,
                    "source_port_range": []
                  }
                ],
                "udp_options": []
              },
              {
                "description": "Path Discovery",
                "icmp_options": [
                  {
                    "code": 4,
                    "type": 3
                  }
                ],
                "protocol": "1",
                "source": "10.0.10.0/24",
                "source_type": "CIDR_BLOCK",
                "stateless": false,
                "tcp_options": [],
                "udp_options": []
              }
            ],
            "state": "AVAILABLE",
            "time_created": "2026-04-23 16:00:41.133 +0000 UTC",
            "timeouts": null,
            "vcn_id": "ocid1.vcn.oc1.mx-queretaro-1.amaaaaaaye4fqrqah57leigu7lchjdipcnbuv5wf2pn2ksfrtlrr5um3k2iq"
          },
          "sensitive_attributes": [],
          "private": "eyJlMmJmYjczMC1lY2FhLTExZTYtOGY4OC0zNDM2M2JjN2M0YzAiOnsiY3JlYXRlIjoxMjAwMDAwMDAwMDAwLCJkZWxldGUiOjEyMDAwMDAwMDAwMDAsInVwZGF0ZSI6MTIwMDAwMDAwMDAwMH19",
          "dependencies": [
            "data.oci_core_services.services",
            "oci_core_vcn.okevcn"
          ]
        }
      ]
    },
    {
      "mode": "managed",
      "type": "oci_core_security_list",
      "name": "nodePool",
      "provider": "provider[\"registry.terraform.io/hashicorp/oci\"]",
      "instances": [
        {
          "schema_version": 0,
          "attributes": {
            "compartment_id": "ocid1.compartment.oc1..aaaaaaaamsxu7gf4s4oxdvfuh46dn4dfdf7nkwvg6mp2qjcxm5xhgiyqxgda",
            "defined_tags": {
              "Oracle-Tags.CreatedBy": "default/a00838956@tec.mx",
              "Oracle-Tags.CreatedOn": "2026-04-23T16:00:41.105Z"
            },
            "display_name": "nodepool",
            "egress_security_rules": [
              {
                "description": "Access to Kubernetes API endpoint",
                "destination": "10.0.0.0/28",
                "destination_type": "CIDR_BLOCK",
                "icmp_options": [],
                "protocol": "6",
                "stateless": false,
                "tcp_options": [
                  {
                    "max": 6443,
                    "min": 6443,
                    "source_port_range": []
                  }
                ],
                "udp_options": []
              },
              {
                "description": "Allow nodes to communicate with OKE to ensure correct start-up and continued functioning",
                "destination": "all-qro-services-in-oracle-services-network",
                "destination_type": "SERVICE_CIDR_BLOCK",
                "icmp_options": [],
                "protocol": "6",
                "stateless": false,
                "tcp_options": [
                  {
                    "max": 443,
                    "min": 443,
                    "source_port_range": []
                  }
                ],
                "udp_options": []
              },
              {
                "description": "Allow pods on one worker node to communicate with pods on other worker nodes",
                "destination": "10.0.10.0/24",
                "destination_type": "CIDR_BLOCK",
                "icmp_options": [],
                "protocol": "all",
                "stateless": false,
                "tcp_options": [],
                "udp_options": []
              },
              {
                "description": "ICMP Access from Kubernetes Control Plane",
                "destination": "0.0.0.0/0",
                "destination_type": "CIDR_BLOCK",
                "icmp_options": [
                  {
                    "code": 4,
                    "type": 3
                  }
                ],
                "protocol": "1",
                "stateless": false,
                "tcp_options": [],
                "udp_options": []
              },
              {
                "description": "Kubernetes worker to control plane communication",
                "destination": "10.0.0.0/28",
                "destination_type": "CIDR_BLOCK",
                "icmp_options": [],
                "protocol": "6",
                "stateless": false,
                "tcp_options": [
                  {
                    "max": 12250,
                    "min": 12250,
                    "source_port_range": []
                  }
                ],
                "udp_options": []
              },
              {
                "description": "Path Discovery",
                "destination": "10.0.0.0/28",
                "destination_type": "CIDR_BLOCK",
                "icmp_options": [
                  {
                    "code": 4,
                    "type": 3
                  }
                ],
                "protocol": "1",
                "stateless": false,
                "tcp_options": [],
                "udp_options": []
              },
              {
                "description": "Worker Nodes access to Internet",
                "destination": "0.0.0.0/0",
                "destination_type": "CIDR_BLOCK",
                "icmp_options": [],
                "protocol": "all",
                "stateless": false,
                "tcp_options": [],
                "udp_options": []
              }
            ],
            "freeform_tags": {},
            "id": "ocid1.securitylist.oc1.mx-queretaro-1.aaaaaaaaggexgtalqt6fg7eqb6yigno6xfcefo6d2j4yinh73nsf75nqaelq",
            "ingress_security_rules": [
              {
                "description": "Allow pods on one worker node to communicate with pods on other worker nodes",
                "icmp_options": [],
                "protocol": "all",
                "source": "10.0.10.0/24",
                "source_type": "CIDR_BLOCK",
                "stateless": false,
                "tcp_options": [],
                "udp_options": []
              },
              {
                "description": "External access to Kubernetes API Endpoint",
                "icmp_options": [],
                "protocol": "6",
                "source": "0.0.0.0/0",
                "source_type": "CIDR_BLOCK",
                "stateless": false,
                "tcp_options": [
                  {
                    "max": 6443,
                    "min": 6443,
                    "source_port_range": []
                  }
                ],
                "udp_options": []
              },
              {
                "description": "Inbound SSH traffic to worker nodes",
                "icmp_options": [],
                "protocol": "6",
                "source": "0.0.0.0/0",
                "source_type": "CIDR_BLOCK",
                "stateless": false,
                "tcp_options": [
                  {
                    "max": 22,
                    "min": 22,
                    "source_port_range": []
                  }
                ],
                "udp_options": []
              },
              {
                "description": "Path Discovery",
                "icmp_options": [
                  {
                    "code": 4,
                    "type": 3
                  }
                ],
                "protocol": "1",
                "source": "10.0.0.0/28",
                "source_type": "CIDR_BLOCK",
                "stateless": false,
                "tcp_options": [],
                "udp_options": []
              },
              {
                "description": "TCP access from Kubernetes Control Plane",
                "icmp_options": [],
                "protocol": "6",
                "source": "10.0.0.0/28",
                "source_type": "CIDR_BLOCK",
                "stateless": false,
                "tcp_options": [],
                "udp_options": []
              }
            ],
            "state": "AVAILABLE",
            "time_created": "2026-04-23 16:00:41.143 +0000 UTC",
            "timeouts": null,
            "vcn_id": "ocid1.vcn.oc1.mx-queretaro-1.amaaaaaaye4fqrqah57leigu7lchjdipcnbuv5wf2pn2ksfrtlrr5um3k2iq"
          },
          "sensitive_attributes": [],
          "private": "eyJlMmJmYjczMC1lY2FhLTExZTYtOGY4OC0zNDM2M2JjN2M0YzAiOnsiY3JlYXRlIjoxMjAwMDAwMDAwMDAwLCJkZWxldGUiOjEyMDAwMDAwMDAwMDAsInVwZGF0ZSI6MTIwMDAwMDAwMDAwMH19",
          "dependencies": [
            "data.oci_core_services.services",
            "oci_core_vcn.okevcn"
          ]
        }
      ]
    },
    {
      "mode": "managed",
      "type": "oci_core_security_list",
      "name": "svclb_sl",
      "provider": "provider[\"registry.terraform.io/hashicorp/oci\"]",
      "instances": [
        {
          "schema_version": 0,
          "attributes": {
            "compartment_id": "ocid1.compartment.oc1..aaaaaaaamsxu7gf4s4oxdvfuh46dn4dfdf7nkwvg6mp2qjcxm5xhgiyqxgda",
            "defined_tags": {
              "Oracle-Tags.CreatedBy": "default/a00838956@tec.mx",
              "Oracle-Tags.CreatedOn": "2026-04-23T16:00:41.105Z"
            },
            "display_name": "scvlb",
            "egress_security_rules": [
              {
                "description": "",
                "destination": "0.0.0.0/0",
                "destination_type": "CIDR_BLOCK",
                "icmp_options": [],
                "protocol": "6",
                "stateless": false,
                "tcp_options": [],
                "udp_options": []
              }
            ],
            "freeform_tags": {},
            "id": "ocid1.securitylist.oc1.mx-queretaro-1.aaaaaaaafseqbm4edzc3iinylmjf5yp5uiock2rhsws7ahiznqgnq4mldgvq",
            "ingress_security_rules": [
              {
                "description": "",
                "icmp_options": [],
                "protocol": "6",
                "source": "0.0.0.0/0",
                "source_type": "CIDR_BLOCK",
                "stateless": false,
                "tcp_options": [],
                "udp_options": []
              }
            ],
            "state": "AVAILABLE",
            "time_created": "2026-04-23 16:00:41.135 +0000 UTC",
            "timeouts": null,
            "vcn_id": "ocid1.vcn.oc1.mx-queretaro-1.amaaaaaaye4fqrqah57leigu7lchjdipcnbuv5wf2pn2ksfrtlrr5um3k2iq"
          },
          "sensitive_attributes": [],
          "private": "eyJlMmJmYjczMC1lY2FhLTExZTYtOGY4OC0zNDM2M2JjN2M0YzAiOnsiY3JlYXRlIjoxMjAwMDAwMDAwMDAwLCJkZWxldGUiOjEyMDAwMDAwMDAwMDAsInVwZGF0ZSI6MTIwMDAwMDAwMDAwMH19",
          "dependencies": [
            "oci_core_vcn.okevcn"
          ]
        }
      ]
    },
    {
      "mode": "managed",
      "type": "oci_core_service_gateway",
      "name": "sgw",
      "provider": "provider[\"registry.terraform.io/hashicorp/oci\"]",
      "instances": [
        {
          "schema_version": 0,
          "attributes": {
            "block_traffic": false,
            "compartment_id": "ocid1.compartment.oc1..aaaaaaaamsxu7gf4s4oxdvfuh46dn4dfdf7nkwvg6mp2qjcxm5xhgiyqxgda",
            "defined_tags": {
              "Oracle-Tags.CreatedBy": "default/a00838956@tec.mx",
              "Oracle-Tags.CreatedOn": "2026-04-23T16:00:41.086Z"
            },
            "display_name": "mtdr_sgw",
            "freeform_tags": {},
            "id": "ocid1.servicegateway.oc1.mx-queretaro-1.aaaaaaaa55rpmjrzrragsnd7n6krifk6frd22ckd33ifjfm4x2rz2fohgcea",
            "route_table_id": null,
            "services": [
              {
                "service_id": "ocid1.service.oc1.mx-queretaro-1.aaaaaaaayvg3nrjmjfutkwgtod4g36arka7blin2p3e4fhc5ryv5ciqf7vaq",
                "service_name": "All QRO Services In Oracle Services Network"
              }
            ],
            "state": "AVAILABLE",
            "time_created": "2026-04-23 16:00:42.049 +0000 UTC",
            "timeouts": null,
            "vcn_id": "ocid1.vcn.oc1.mx-queretaro-1.amaaaaaaye4fqrqah57leigu7lchjdipcnbuv5wf2pn2ksfrtlrr5um3k2iq"
          },
          "sensitive_attributes": [],
          "private": "eyJlMmJmYjczMC1lY2FhLTExZTYtOGY4OC0zNDM2M2JjN2M0YzAiOnsiY3JlYXRlIjoxMjAwMDAwMDAwMDAwLCJkZWxldGUiOjEyMDAwMDAwMDAwMDAsInVwZGF0ZSI6MTIwMDAwMDAwMDAwMH19",
          "dependencies": [
            "data.oci_core_services.services",
            "oci_core_vcn.okevcn"
          ]
        }
      ]
    },
    {
      "mode": "managed",
      "type": "oci_core_subnet",
      "name": "endpoint",
      "provider": "provider[\"registry.terraform.io/hashicorp/oci\"]",
      "instances": [
        {
          "schema_version": 0,
          "attributes": {
            "availability_domain": null,
            "cidr_block": "10.0.0.0/28",
            "compartment_id": "ocid1.compartment.oc1..aaaaaaaamsxu7gf4s4oxdvfuh46dn4dfdf7nkwvg6mp2qjcxm5xhgiyqxgda",
            "defined_tags": {
              "Oracle-Tags.CreatedBy": "default/a00838956@tec.mx",
              "Oracle-Tags.CreatedOn": "2026-04-23T16:00:41.400Z"
            },
            "dhcp_options_id": "ocid1.dhcpoptions.oc1.mx-queretaro-1.aaaaaaaaaviykjg67ya7n6ikikv54drkp3lrnnincegzmvsxdtzvli6fz6ba",
            "display_name": "subnet1ForNodePool",
            "dns_label": "endpoint",
            "freeform_tags": {},
            "id": "ocid1.subnet.oc1.mx-queretaro-1.aaaaaaaadzzbzbfv4bpmltrc2tra7cqjypioi34hbnow6j5bvn6xvevmaewq",
            "ipv6cidr_block": null,
            "ipv6virtual_router_ip": null,
            "prohibit_internet_ingress": false,
            "prohibit_public_ip_on_vnic": false,
            "route_table_id": "ocid1.routetable.oc1.mx-queretaro-1.aaaaaaaazdjdm57wuokadzvayi3dmw2xft7nitfkveiym5bjmowar4x6t7oa",
            "security_list_ids": [
              "ocid1.securitylist.oc1.mx-queretaro-1.aaaaaaaa4v355xc446yc55sewuqm2mpu4ffpxtidcv7wu4d6cwdnptgirysq"
            ],
            "state": "AVAILABLE",
            "subnet_domain_name": "endpoint.mtdrworkshop.oraclevcn.com",
            "time_created": "2026-04-23 16:00:41.681 +0000 UTC",
            "timeouts": null,
            "vcn_id": "ocid1.vcn.oc1.mx-queretaro-1.amaaaaaaye4fqrqah57leigu7lchjdipcnbuv5wf2pn2ksfrtlrr5um3k2iq",
            "virtual_router_ip": "10.0.0.1",
            "virtual_router_mac": "00:00:17:AB:08:1C"
          },
          "sensitive_attributes": [],
          "private": "eyJlMmJmYjczMC1lY2FhLTExZTYtOGY4OC0zNDM2M2JjN2M0YzAiOnsiY3JlYXRlIjoxMjAwMDAwMDAwMDAwLCJkZWxldGUiOjEyMDAwMDAwMDAwMDAsInVwZGF0ZSI6MTIwMDAwMDAwMDAwMH19",
          "dependencies": [
            "data.oci_core_services.services",
            "oci_core_security_list.endpoint",
            "oci_core_vcn.okevcn"
          ]
        }
      ]
    },
    {
      "mode": "managed",
      "type": "oci_core_subnet",
      "name": "nodePool_Subnet",
      "provider": "provider[\"registry.terraform.io/hashicorp/oci\"]",
      "instances": [
        {
          "schema_version": 0,
          "attributes": {
            "availability_domain": null,
            "cidr_block": "10.0.10.0/24",
            "compartment_id": "ocid1.compartment.oc1..aaaaaaaamsxu7gf4s4oxdvfuh46dn4dfdf7nkwvg6mp2qjcxm5xhgiyqxgda",
            "defined_tags": {
              "Oracle-Tags.CreatedBy": "default/a00838956@tec.mx",
              "Oracle-Tags.CreatedOn": "2026-04-23T16:00:41.400Z"
            },
            "dhcp_options_id": "ocid1.dhcpoptions.oc1.mx-queretaro-1.aaaaaaaaaviykjg67ya7n6ikikv54drkp3lrnnincegzmvsxdtzvli6fz6ba",
            "display_name": "SubNet1ForNodePool",
            "dns_label": "nodepool",
            "freeform_tags": {},
            "id": "ocid1.subnet.oc1.mx-queretaro-1.aaaaaaaa2rt3w4lfx2tplqduhyufax7qwdxdcuvhhs5olvd4otxefapv6bjq",
            "ipv6cidr_block": null,
            "ipv6virtual_router_ip": null,
            "prohibit_internet_ingress": true,
            "prohibit_public_ip_on_vnic": true,
            "route_table_id": "ocid1.routetable.oc1.mx-queretaro-1.aaaaaaaan657dfu2afzvsnau7oc3ojx3ql277puf6qeat5lxpmwwgd4pf3wq",
            "security_list_ids": [
              "ocid1.securitylist.oc1.mx-queretaro-1.aaaaaaaaggexgtalqt6fg7eqb6yigno6xfcefo6d2j4yinh73nsf75nqaelq"
            ],
            "state": "AVAILABLE",
            "subnet_domain_name": "nodepool.mtdrworkshop.oraclevcn.com",
            "time_created": "2026-04-23 16:00:43.548 +0000 UTC",
            "timeouts": null,
            "vcn_id": "ocid1.vcn.oc1.mx-queretaro-1.amaaaaaaye4fqrqah57leigu7lchjdipcnbuv5wf2pn2ksfrtlrr5um3k2iq",
            "virtual_router_ip": "10.0.10.1",
            "virtual_router_mac": "00:00:17:AB:08:1C"
          },
          "sensitive_attributes": [],
          "private": "eyJlMmJmYjczMC1lY2FhLTExZTYtOGY4OC0zNDM2M2JjN2M0YzAiOnsiY3JlYXRlIjoxMjAwMDAwMDAwMDAwLCJkZWxldGUiOjEyMDAwMDAwMDAwMDAsInVwZGF0ZSI6MTIwMDAwMDAwMDAwMH19",
          "dependencies": [
            "data.oci_core_services.services",
            "oci_core_nat_gateway.ngw",
            "oci_core_route_table.private",
            "oci_core_security_list.nodePool",
            "oci_core_service_gateway.sgw",
            "oci_core_vcn.okevcn"
          ]
        }
      ]
    },
    {
      "mode": "managed",
      "type": "oci_core_subnet",
      "name": "svclb_Subnet",
      "provider": "provider[\"registry.terraform.io/hashicorp/oci\"]",
      "instances": [
        {
          "schema_version": 0,
          "attributes": {
            "availability_domain": null,
            "cidr_block": "10.0.20.0/24",
            "compartment_id": "ocid1.compartment.oc1..aaaaaaaamsxu7gf4s4oxdvfuh46dn4dfdf7nkwvg6mp2qjcxm5xhgiyqxgda",
            "defined_tags": {
              "Oracle-Tags.CreatedBy": "default/a00838956@tec.mx",
              "Oracle-Tags.CreatedOn": "2026-04-23T16:00:41.400Z"
            },
            "dhcp_options_id": "ocid1.dhcpoptions.oc1.mx-queretaro-1.aaaaaaaaaviykjg67ya7n6ikikv54drkp3lrnnincegzmvsxdtzvli6fz6ba",
            "display_name": "Subnet1 for svclb",
            "dns_label": "svclb",
            "freeform_tags": {},
            "id": "ocid1.subnet.oc1.mx-queretaro-1.aaaaaaaaqg55xlt655ilsjl5w6eh2tujh7juy5fosxgc455h6rzfw4gtasha",
            "ipv6cidr_block": null,
            "ipv6virtual_router_ip": null,
            "prohibit_internet_ingress": false,
            "prohibit_public_ip_on_vnic": false,
            "route_table_id": "ocid1.routetable.oc1.mx-queretaro-1.aaaaaaaazdjdm57wuokadzvayi3dmw2xft7nitfkveiym5bjmowar4x6t7oa",
            "security_list_ids": [
              "ocid1.securitylist.oc1.mx-queretaro-1.aaaaaaaafseqbm4edzc3iinylmjf5yp5uiock2rhsws7ahiznqgnq4mldgvq"
            ],
            "state": "AVAILABLE",
            "subnet_domain_name": "svclb.mtdrworkshop.oraclevcn.com",
            "time_created": "2026-04-23 16:00:41.892 +0000 UTC",
            "timeouts": null,
            "vcn_id": "ocid1.vcn.oc1.mx-queretaro-1.amaaaaaaye4fqrqah57leigu7lchjdipcnbuv5wf2pn2ksfrtlrr5um3k2iq",
            "virtual_router_ip": "10.0.20.1",
            "virtual_router_mac": "00:00:17:AB:08:1C"
          },
          "sensitive_attributes": [],
          "private": "eyJlMmJmYjczMC1lY2FhLTExZTYtOGY4OC0zNDM2M2JjN2M0YzAiOnsiY3JlYXRlIjoxMjAwMDAwMDAwMDAwLCJkZWxldGUiOjEyMDAwMDAwMDAwMDAsInVwZGF0ZSI6MTIwMDAwMDAwMDAwMH19",
          "dependencies": [
            "oci_core_security_list.svclb_sl",
            "oci_core_vcn.okevcn"
          ]
        }
      ]
    },
    {
      "mode": "managed",
      "type": "oci_core_vcn",
      "name": "okevcn",
      "provider": "provider[\"registry.terraform.io/hashicorp/oci\"]",
      "instances": [
        {
          "schema_version": 0,
          "attributes": {
            "cidr_block": "10.0.0.0/16",
            "cidr_blocks": [
              "10.0.0.0/16"
            ],
            "compartment_id": "ocid1.compartment.oc1..aaaaaaaamsxu7gf4s4oxdvfuh46dn4dfdf7nkwvg6mp2qjcxm5xhgiyqxgda",
            "default_dhcp_options_id": "ocid1.dhcpoptions.oc1.mx-queretaro-1.aaaaaaaaaviykjg67ya7n6ikikv54drkp3lrnnincegzmvsxdtzvli6fz6ba",
            "default_route_table_id": "ocid1.routetable.oc1.mx-queretaro-1.aaaaaaaazdjdm57wuokadzvayi3dmw2xft7nitfkveiym5bjmowar4x6t7oa",
            "default_security_list_id": "ocid1.securitylist.oc1.mx-queretaro-1.aaaaaaaayf2hz4ka27j5bunmf2zdtvn4b6ogfh5s7qf3wjsy27vpzjetm6ua",
            "defined_tags": {
              "Oracle-Tags.CreatedBy": "default/a00838956@tec.mx",
              "Oracle-Tags.CreatedOn": "2026-04-23T16:00:40.589Z"
            },
            "display_name": "mtdrworkshop-myi1r",
            "dns_label": "mtdrworkshop",
            "freeform_tags": {},
            "id": "ocid1.vcn.oc1.mx-queretaro-1.amaaaaaaye4fqrqah57leigu7lchjdipcnbuv5wf2pn2ksfrtlrr5um3k2iq",
            "ipv6cidr_blocks": [],
            "is_ipv6enabled": false,
            "state": "AVAILABLE",
            "time_created": "2026-04-23 16:00:40.659 +0000 UTC",
            "timeouts": null,
            "vcn_domain_name": "mtdrworkshop.oraclevcn.com"
          },
          "sensitive_attributes": [],
          "private": "eyJlMmJmYjczMC1lY2FhLTExZTYtOGY4OC0zNDM2M2JjN2M0YzAiOnsiY3JlYXRlIjoxMjAwMDAwMDAwMDAwLCJkZWxldGUiOjEyMDAwMDAwMDAwMDAsInVwZGF0ZSI6MTIwMDAwMDAwMDAwMH19"
        }
      ]
    },
    {
      "mode": "managed",
      "type": "oci_database_autonomous_database",
      "name": "autonomous_database_atp",
      "provider": "provider[\"registry.terraform.io/hashicorp/oci\"]",
      "instances": [
        {
          "schema_version": 0,
          "attributes": {
            "admin_password": "8oD2oHRzXSMH",
            "apex_details": [
              {
                "apex_version": "24.2.15",
                "ords_version": "26.1.0.079.1128"
              }
            ],
            "are_primary_whitelisted_ips_used": null,
            "autonomous_container_database_id": null,
            "autonomous_database_backup_id": null,
            "autonomous_database_id": null,
            "autonomous_maintenance_schedule_type": "REGULAR",
            "available_upgrade_versions": [
              "23ai",
              "26ai"
            ],
            "backup_config": [
              {
                "manual_backup_bucket_name": "",
                "manual_backup_type": "NONE"
              }
            ],
            "clone_type": null,
            "compartment_id": "ocid1.compartment.oc1..aaaaaaaamsxu7gf4s4oxdvfuh46dn4dfdf7nkwvg6mp2qjcxm5xhgiyqxgda",
            "connection_strings": [
              {
                "all_connection_strings": {
                  "HIGH": "adb.mx-queretaro-1.oraclecloud.com:1522/gbe09837a45665c_yoyodymemyi1r_high.adb.oraclecloud.com",
                  "LOW": "adb.mx-queretaro-1.oraclecloud.com:1522/gbe09837a45665c_yoyodymemyi1r_low.adb.oraclecloud.com",
                  "MEDIUM": "adb.mx-queretaro-1.oraclecloud.com:1522/gbe09837a45665c_yoyodymemyi1r_medium.adb.oraclecloud.com",
                  "TP": "adb.mx-queretaro-1.oraclecloud.com:1522/gbe09837a45665c_yoyodymemyi1r_tp.adb.oraclecloud.com",
                  "TPURGENT": "adb.mx-queretaro-1.oraclecloud.com:1522/gbe09837a45665c_yoyodymemyi1r_tpurgent.adb.oraclecloud.com"
                },
                "dedicated": "",
                "high": "adb.mx-queretaro-1.oraclecloud.com:1522/gbe09837a45665c_yoyodymemyi1r_high.adb.oraclecloud.com",
                "low": "adb.mx-queretaro-1.oraclecloud.com:1522/gbe09837a45665c_yoyodymemyi1r_low.adb.oraclecloud.com",
                "medium": "adb.mx-queretaro-1.oraclecloud.com:1522/gbe09837a45665c_yoyodymemyi1r_medium.adb.oraclecloud.com"
              }
            ],
            "connection_urls": [
              {
                "apex_url": "https://GBE09837A45665C-YOYODYMEMYI1R.adb.mx-queretaro-1.oraclecloudapps.com/ords/apex",
                "graph_studio_url": "https://GBE09837A45665C-YOYODYMEMYI1R.adb.mx-queretaro-1.oraclecloudapps.com/graphstudio/?sso=true",
                "machine_learning_user_management_url": "https://GBE09837A45665C-YOYODYMEMYI1R.adb.mx-queretaro-1.oraclecloudapps.com/omlusers/",
                "sql_dev_web_url": "https://GBE09837A45665C-YOYODYMEMYI1R.adb.mx-queretaro-1.oraclecloudapps.com/ords/sql-developer"
              }
            ],
            "cpu_core_count": 0,
            "customer_contacts": [],
            "data_safe_status": "NOT_REGISTERED",
            "data_storage_size_in_gb": 20,
            "data_storage_size_in_tbs": 1,
            "db_name": "yoyodymemyi1r",
            "db_version": "19c",
            "db_workload": "OLTP",
            "defined_tags": {
              "Oracle-Tags.CreatedBy": "default/a00838956@tec.mx",
              "Oracle-Tags.CreatedOn": "2026-04-23T16:23:22.044Z"
            },
            "display_name": "MTDRDB",
            "failed_data_recovery_in_seconds": null,
            "freeform_tags": {},
            "id": "ocid1.autonomousdatabase.oc1.mx-queretaro-1.anyxeljrye4fqrqav4jxbe7cvhz2xr6fjcutns2er5ntunfkypixmensy7ya",
            "infrastructure_type": "",
            "is_access_control_enabled": null,
            "is_auto_scaling_enabled": false,
            "is_data_guard_enabled": false,
            "is_dedicated": false,
            "is_free_tier": true,
            "is_preview": false,
            "is_preview_version_with_service_terms_accepted": false,
            "is_refreshable_clone": null,
            "key_history_entry": [
              {
                "id": "ORACLE_MANAGED_KEY",
                "time_activated": "2026-04-23 16:24:05.394 +0000 UTC",
                "vault_id": ""
              }
            ],
            "key_store_id": null,
            "key_store_wallet_name": null,
            "kms_key_id": "ORACLE_MANAGED_KEY",
            "kms_key_lifecycle_details": null,
            "license_model": "LICENSE_INCLUDED",
            "lifecycle_details": null,
            "nsg_ids": [],
            "ocpu_count": null,
            "open_mode": "READ_WRITE",
            "operations_insights_status": "NOT_ENABLED",
            "permission_level": "UNRESTRICTED",
            "private_endpoint": null,
            "private_endpoint_ip": null,
            "private_endpoint_label": null,
            "refreshable_mode": null,
            "refreshable_status": "",
            "role": "",
            "rotate_key_trigger": null,
            "service_console_url": null,
            "source": null,
            "source_id": null,
            "standby_db": [],
            "standby_whitelisted_ips": [],
            "state": "AVAILABLE",
            "subnet_id": null,
            "switchover_to": null,
            "system_tags": {
              "orcl-cloud.free-tier-retained": "true"
            },
            "time_created": "2026-04-23 16:23:22.065 +0000 UTC",
            "time_deletion_of_free_autonomous_database": null,
            "time_maintenance_begin": "2026-05-02 04:00:00 +0000 UTC",
            "time_maintenance_end": "2026-05-02 06:00:00 +0000 UTC",
            "time_of_last_failover": null,
            "time_of_last_refresh": null,
            "time_of_last_refresh_point": null,
            "time_of_last_switchover": null,
            "time_of_next_refresh": null,
            "time_reclamation_of_free_autonomous_database": "2026-04-30 17:52:19.22 +0000 UTC",
            "timeouts": null,
            "timestamp": null,
            "used_data_storage_size_in_tbs": null,
            "vault_id": null,
            "whitelisted_ips": []
          },
          "sensitive_attributes": [
            [
              {
                "type": "get_attr",
                "value": "admin_password"
              }
            ]
          ],
          "private": "eyJlMmJmYjczMC1lY2FhLTExZTYtOGY4OC0zNDM2M2JjN2M0YzAiOnsiY3JlYXRlIjo0MzIwMDAwMDAwMDAwMCwiZGVsZXRlIjo0MzIwMDAwMDAwMDAwMCwidXBkYXRlIjo0MzIwMDAwMDAwMDAwMH19",
          "dependencies": [
            "random_password.database_admin_password"
          ]
        }
      ]
    },
    {
      "mode": "managed",
      "type": "oci_objectstorage_bucket",
      "name": "dbbucket",
      "provider": "provider[\"registry.terraform.io/hashicorp/oci\"]",
      "instances": [
        {
          "schema_version": 0,
          "attributes": {
            "access_type": "NoPublicAccess",
            "approximate_count": "0",
            "approximate_size": "0",
            "auto_tiering": "Disabled",
            "bucket_id": "ocid1.bucket.oc1.mx-queretaro-1.aaaaaaaaqxi4ecb37ux7hacibdqqpm5ler2kpkesqn3mxrizlimgf5vev3ia",
            "compartment_id": "ocid1.compartment.oc1..aaaaaaaamsxu7gf4s4oxdvfuh46dn4dfdf7nkwvg6mp2qjcxm5xhgiyqxgda",
            "created_by": "ocid1.user.oc1..aaaaaaaay65zakgqjef5ottuzlq6lo4oivlcmmgymhpczg2fdgisuhgiu6eq",
            "defined_tags": {
              "Oracle-Tags.CreatedBy": "default/a00838956@tec.mx",
              "Oracle-Tags.CreatedOn": "2026-04-23T16:00:40.602Z"
            },
            "etag": "c565c013-14f4-481d-8be5-1d8eb9008d94",
            "freeform_tags": {},
            "id": "n/axx2gmncrzyo/b/yoyodyme-myi1r",
            "is_read_only": false,
            "kms_key_id": null,
            "metadata": {},
            "name": "yoyodyme-myi1r",
            "namespace": "axx2gmncrzyo",
            "object_events_enabled": false,
            "object_lifecycle_policy_etag": null,
            "replication_enabled": false,
            "retention_rules": [],
            "storage_tier": "Standard",
            "time_created": "2026-04-23 16:00:40.609 +0000 UTC",
            "timeouts": null,
            "versioning": "Disabled"
          },
          "sensitive_attributes": [],
          "private": "eyJlMmJmYjczMC1lY2FhLTExZTYtOGY4OC0zNDM2M2JjN2M0YzAiOnsiY3JlYXRlIjoxMjAwMDAwMDAwMDAwLCJkZWxldGUiOjEyMDAwMDAwMDAwMDAsInVwZGF0ZSI6MTIwMDAwMDAwMDAwMH19",
          "dependencies": [
            "data.oci_objectstorage_namespace.namespace"
          ]
        }
      ]
    },
    {
      "mode": "managed",
      "type": "random_password",
      "name": "database_admin_password",
      "provider": "provider[\"registry.terraform.io/hashicorp/random\"]",
      "instances": [
        {
          "schema_version": 3,
          "attributes": {
            "bcrypt_hash": "$2a$10$JVSUSfVZFBZ36DcUvx.cfeLDmfJ8ufvwfq8SGfxIqmH5e6sTyRAsm",
            "id": "none",
            "keepers": null,
            "length": 12,
            "lower": true,
            "min_lower": 1,
            "min_numeric": 1,
            "min_special": 0,
            "min_upper": 1,
            "number": true,
            "numeric": true,
            "override_special": null,
            "result": "8oD2oHRzXSMH",
            "special": false,
            "upper": true
          },
          "sensitive_attributes": []
        }
      ]
    },
    {
      "mode": "managed",
      "type": "random_string",
      "name": "autonomous_database_wallet_password",
      "provider": "provider[\"registry.terraform.io/hashicorp/random\"]",
      "instances": [
        {
          "schema_version": 2,
          "attributes": {
            "id": "OasK-)S{m-)A9j}D",
            "keepers": null,
            "length": 16,
            "lower": true,
            "min_lower": 0,
            "min_numeric": 0,
            "min_special": 0,
            "min_upper": 0,
            "number": true,
            "numeric": true,
            "override_special": null,
            "result": "OasK-)S{m-)A9j}D",
            "special": true,
            "upper": true
          },
          "sensitive_attributes": []
        }
      ]
    }
  ],
  "check_results": [
    {
      "object_kind": "resource",
      "config_addr": "oci_containerengine_node_pool.oke_node_pool",
      "status": "unknown",
      "objects": [
        {
          "object_addr": "oci_containerengine_node_pool.oke_node_pool",
          "status": "unknown"
        }
      ]
    },
    {
      "object_kind": "resource",
      "config_addr": "oci_containerengine_cluster.mtdrworkshop_cluster",
      "status": "pass",
      "objects": [
        {
          "object_addr": "oci_containerengine_cluster.mtdrworkshop_cluster",
          "status": "pass"
        }
      ]
    }
  ]
}
